// !$*UTF8*$!
{
	archiveVersion = 1;
	classes = {
	};
	objectVersion = 45;
	objects = {

/* Begin PBXBuildFile section */
		1D3623260D0F684500981E51 /* todo_txt_touch_iosAppDelegate.m in Sources */ = {isa = PBXBuildFile; fileRef = 1D3623250D0F684500981E51 /* todo_txt_touch_iosAppDelegate.m */; };
		1D60589B0D05DD56006BFB54 /* main.m in Sources */ = {isa = PBXBuildFile; fileRef = 29B97316FDCFA39411CA2CEA /* main.m */; };
		1D60589F0D05DD5A006BFB54 /* Foundation.framework in Frameworks */ = {isa = PBXBuildFile; fileRef = 1D30AB110D05D00D00671497 /* Foundation.framework */; };
		1DF5F4E00D08C38300B7A737 /* UIKit.framework in Frameworks */ = {isa = PBXBuildFile; fileRef = 1DF5F4DF0D08C38300B7A737 /* UIKit.framework */; };
		288765A50DF7441C002DB57D /* CoreGraphics.framework in Frameworks */ = {isa = PBXBuildFile; fileRef = 288765A40DF7441C002DB57D /* CoreGraphics.framework */; };
		2899E5220DE3E06400AC0155 /* todo_txt_touch_iosViewController.xib in Resources */ = {isa = PBXBuildFile; fileRef = 2899E5210DE3E06400AC0155 /* todo_txt_touch_iosViewController.xib */; };
		28AD733F0D9D9553002E5188 /* MainWindow.xib in Resources */ = {isa = PBXBuildFile; fileRef = 28AD733E0D9D9553002E5188 /* MainWindow.xib */; };
		28D7ACF80DDB3853001CB0EB /* todo_txt_touch_iosViewController.m in Sources */ = {isa = PBXBuildFile; fileRef = 28D7ACF70DDB3853001CB0EB /* todo_txt_touch_iosViewController.m */; };
		59216BFF13E7804700FF07EE /* TaskEditViewController.m in Sources */ = {isa = PBXBuildFile; fileRef = 59216BFD13E7804700FF07EE /* TaskEditViewController.m */; };
		59216C7513E8C89200FF07EE /* Util.m in Sources */ = {isa = PBXBuildFile; fileRef = 59216C7413E8C89200FF07EE /* Util.m */; };
		59216D3E13EA318100FF07EE /* RelativeDate.m in Sources */ = {isa = PBXBuildFile; fileRef = 59216D3D13EA318100FF07EE /* RelativeDate.m */; };
		7D57054712F89F1900BB5E8D /* Icon-72.png in Resources */ = {isa = PBXBuildFile; fileRef = 7D57054312F89F1900BB5E8D /* Icon-72.png */; };
		7D57054812F89F1900BB5E8D /* Icon-Small-50.png in Resources */ = {isa = PBXBuildFile; fileRef = 7D57054412F89F1900BB5E8D /* Icon-Small-50.png */; };
		7D57054912F89F1900BB5E8D /* Icon-Small.png in Resources */ = {isa = PBXBuildFile; fileRef = 7D57054512F89F1900BB5E8D /* Icon-Small.png */; };
		7D57054A12F89F1900BB5E8D /* Icon.png in Resources */ = {isa = PBXBuildFile; fileRef = 7D57054612F89F1900BB5E8D /* Icon.png */; };
		7D5705A412F8A06600BB5E8D /* DBAccountInfo.m in Sources */ = {isa = PBXBuildFile; fileRef = 7D57054F12F8A06500BB5E8D /* DBAccountInfo.m */; };
		7D5705A512F8A06600BB5E8D /* DBCreateAccountController.m in Sources */ = {isa = PBXBuildFile; fileRef = 7D57055112F8A06500BB5E8D /* DBCreateAccountController.m */; };
		7D5705A612F8A06600BB5E8D /* DBError.m in Sources */ = {isa = PBXBuildFile; fileRef = 7D57055312F8A06500BB5E8D /* DBError.m */; };
		7D5705A712F8A06600BB5E8D /* DBLoadingView.m in Sources */ = {isa = PBXBuildFile; fileRef = 7D57055512F8A06500BB5E8D /* DBLoadingView.m */; };
		7D5705A812F8A06600BB5E8D /* DBLoginController.m in Sources */ = {isa = PBXBuildFile; fileRef = 7D57055712F8A06500BB5E8D /* DBLoginController.m */; };
		7D5705A912F8A06600BB5E8D /* DBMetadata.m in Sources */ = {isa = PBXBuildFile; fileRef = 7D57055912F8A06500BB5E8D /* DBMetadata.m */; };
		7D5705AA12F8A06600BB5E8D /* DBQuota.m in Sources */ = {isa = PBXBuildFile; fileRef = 7D57055B12F8A06500BB5E8D /* DBQuota.m */; };
		7D5705AB12F8A06600BB5E8D /* DBRequest.m in Sources */ = {isa = PBXBuildFile; fileRef = 7D57055D12F8A06500BB5E8D /* DBRequest.m */; };
		7D5705AC12F8A06600BB5E8D /* DBRestClient.m in Sources */ = {isa = PBXBuildFile; fileRef = 7D57055F12F8A06500BB5E8D /* DBRestClient.m */; };
		7D5705AD12F8A06600BB5E8D /* DBSession.m in Sources */ = {isa = PBXBuildFile; fileRef = 7D57056112F8A06500BB5E8D /* DBSession.m */; };
		7D5705AE12F8A06600BB5E8D /* NSObject+SBJSON.m in Sources */ = {isa = PBXBuildFile; fileRef = 7D57056612F8A06500BB5E8D /* NSObject+SBJSON.m */; };
		7D5705AF12F8A06600BB5E8D /* NSString+SBJSON.m in Sources */ = {isa = PBXBuildFile; fileRef = 7D57056812F8A06500BB5E8D /* NSString+SBJSON.m */; };
		7D5705B012F8A06600BB5E8D /* SBJSON.m in Sources */ = {isa = PBXBuildFile; fileRef = 7D57056A12F8A06500BB5E8D /* SBJSON.m */; };
		7D5705B112F8A06600BB5E8D /* SBJsonBase.m in Sources */ = {isa = PBXBuildFile; fileRef = 7D57056C12F8A06500BB5E8D /* SBJsonBase.m */; };
		7D5705B212F8A06600BB5E8D /* SBJsonParser.m in Sources */ = {isa = PBXBuildFile; fileRef = 7D57056E12F8A06500BB5E8D /* SBJsonParser.m */; };
		7D5705B312F8A06600BB5E8D /* SBJsonWriter.m in Sources */ = {isa = PBXBuildFile; fileRef = 7D57057012F8A06500BB5E8D /* SBJsonWriter.m */; };
		7D5705B412F8A06600BB5E8D /* Base64Transcoder.c in Sources */ = {isa = PBXBuildFile; fileRef = 7D57057312F8A06500BB5E8D /* Base64Transcoder.c */; };
		7D5705B512F8A06600BB5E8D /* MPOAuthAPI.m in Sources */ = {isa = PBXBuildFile; fileRef = 7D57057812F8A06500BB5E8D /* MPOAuthAPI.m */; };
		7D5705B612F8A06600BB5E8D /* MPOAuthAPIRequestLoader.m in Sources */ = {isa = PBXBuildFile; fileRef = 7D57057A12F8A06500BB5E8D /* MPOAuthAPIRequestLoader.m */; };
		7D5705B712F8A06600BB5E8D /* MPOAuthAuthenticationMethod.m in Sources */ = {isa = PBXBuildFile; fileRef = 7D57057C12F8A06500BB5E8D /* MPOAuthAuthenticationMethod.m */; };
		7D5705B812F8A06600BB5E8D /* MPOAuthAuthenticationMethodOAuth.m in Sources */ = {isa = PBXBuildFile; fileRef = 7D57057E12F8A06500BB5E8D /* MPOAuthAuthenticationMethodOAuth.m */; };
		7D5705B912F8A06600BB5E8D /* MPOAuthConnection.m in Sources */ = {isa = PBXBuildFile; fileRef = 7D57058012F8A06500BB5E8D /* MPOAuthConnection.m */; };
		7D5705BA12F8A06600BB5E8D /* MPOAuthCredentiaIConcreteStore+KeychainAdditionsMac.m in Sources */ = {isa = PBXBuildFile; fileRef = 7D57058112F8A06500BB5E8D /* MPOAuthCredentiaIConcreteStore+KeychainAdditionsMac.m */; };
		7D5705BB12F8A06600BB5E8D /* MPOAuthCredentialConcreteStore+KeychainAdditionsiPhone.m in Sources */ = {isa = PBXBuildFile; fileRef = 7D57058312F8A06600BB5E8D /* MPOAuthCredentialConcreteStore+KeychainAdditionsiPhone.m */; };
		7D5705BC12F8A06600BB5E8D /* MPOAuthCredentialConcreteStore.m in Sources */ = {isa = PBXBuildFile; fileRef = 7D57058512F8A06600BB5E8D /* MPOAuthCredentialConcreteStore.m */; };
		7D5705BD12F8A06600BB5E8D /* MPOAuthSignatureParameter.m in Sources */ = {isa = PBXBuildFile; fileRef = 7D57058912F8A06600BB5E8D /* MPOAuthSignatureParameter.m */; };
		7D5705BE12F8A06600BB5E8D /* MPOAuthURLRequest.m in Sources */ = {isa = PBXBuildFile; fileRef = 7D57058B12F8A06600BB5E8D /* MPOAuthURLRequest.m */; };
		7D5705BF12F8A06600BB5E8D /* MPOAuthURLResponse.m in Sources */ = {isa = PBXBuildFile; fileRef = 7D57058D12F8A06600BB5E8D /* MPOAuthURLResponse.m */; };
		7D5705C012F8A06600BB5E8D /* MPURLRequestParameter.m in Sources */ = {isa = PBXBuildFile; fileRef = 7D57058F12F8A06600BB5E8D /* MPURLRequestParameter.m */; };
		7D5705C112F8A06600BB5E8D /* NSString+URLEscapingAdditions.m in Sources */ = {isa = PBXBuildFile; fileRef = 7D57059112F8A06600BB5E8D /* NSString+URLEscapingAdditions.m */; };
		7D5705C212F8A06600BB5E8D /* NSURL+MPURLParameterAdditions.m in Sources */ = {isa = PBXBuildFile; fileRef = 7D57059312F8A06600BB5E8D /* NSURL+MPURLParameterAdditions.m */; };
		7D5705C312F8A06600BB5E8D /* NSURLResponse+Encoding.m in Sources */ = {isa = PBXBuildFile; fileRef = 7D57059512F8A06600BB5E8D /* NSURLResponse+Encoding.m */; };
		7D5705C412F8A06600BB5E8D /* NSString+Dropbox.m in Sources */ = {isa = PBXBuildFile; fileRef = 7D57059712F8A06600BB5E8D /* NSString+Dropbox.m */; };
		7D5705C512F8A06600BB5E8D /* db_background.png in Resources */ = {isa = PBXBuildFile; fileRef = 7D57059912F8A06600BB5E8D /* db_background.png */; };
		7D5705C612F8A06600BB5E8D /* db_create_account.png in Resources */ = {isa = PBXBuildFile; fileRef = 7D57059A12F8A06600BB5E8D /* db_create_account.png */; };
		7D5705C712F8A06600BB5E8D /* db_create_account@2x.png in Resources */ = {isa = PBXBuildFile; fileRef = 7D57059B12F8A06600BB5E8D /* db_create_account@2x.png */; };
		7D5705C812F8A06600BB5E8D /* db_create_account_button.png in Resources */ = {isa = PBXBuildFile; fileRef = 7D57059C12F8A06600BB5E8D /* db_create_account_button.png */; };
		7D5705C912F8A06600BB5E8D /* db_create_account_button_down.png in Resources */ = {isa = PBXBuildFile; fileRef = 7D57059D12F8A06600BB5E8D /* db_create_account_button_down.png */; };
		7D5705CA12F8A06600BB5E8D /* db_link_button.png in Resources */ = {isa = PBXBuildFile; fileRef = 7D57059E12F8A06600BB5E8D /* db_link_button.png */; };
		7D5705CB12F8A06600BB5E8D /* db_link_button_down.png in Resources */ = {isa = PBXBuildFile; fileRef = 7D57059F12F8A06600BB5E8D /* db_link_button_down.png */; };
		7D5705CC12F8A06600BB5E8D /* db_link_header.png in Resources */ = {isa = PBXBuildFile; fileRef = 7D5705A012F8A06600BB5E8D /* db_link_header.png */; };
		7D5705CD12F8A06600BB5E8D /* db_link_header@2x.png in Resources */ = {isa = PBXBuildFile; fileRef = 7D5705A112F8A06600BB5E8D /* db_link_header@2x.png */; };
		7D5705CE12F8A06600BB5E8D /* db_logo.png in Resources */ = {isa = PBXBuildFile; fileRef = 7D5705A212F8A06600BB5E8D /* db_logo.png */; };
		7D5705CF12F8A06600BB5E8D /* db_logo@2x.png in Resources */ = {isa = PBXBuildFile; fileRef = 7D5705A312F8A06600BB5E8D /* db_logo@2x.png */; };
		7D5705D212F8A07E00BB5E8D /* Security.framework in Frameworks */ = {isa = PBXBuildFile; fileRef = 7D5705D112F8A07E00BB5E8D /* Security.framework */; };
		7DBE2A3B12F7939200FD6A92 /* MainWindow-iPad.xib in Resources */ = {isa = PBXBuildFile; fileRef = 7DBE2A3A12F7939200FD6A92 /* MainWindow-iPad.xib */; };
		882B3E5513ECCB240085C888 /* AsyncTask.m in Sources */ = {isa = PBXBuildFile; fileRef = 882B3E5413ECCB240085C888 /* AsyncTask.m */; };
		882B3E6113EE3E360085C888 /* TaskViewController.m in Sources */ = {isa = PBXBuildFile; fileRef = 882B3E5F13EE3E350085C888 /* TaskViewController.m */; };
		882B3E8513EF46750085C888 /* ContextParser.m in Sources */ = {isa = PBXBuildFile; fileRef = 882B3E8413EF46740085C888 /* ContextParser.m */; };
		882B3E8813EF46E90085C888 /* TextSplitter.m in Sources */ = {isa = PBXBuildFile; fileRef = 882B3E8713EF46E80085C888 /* TextSplitter.m */; };
		882B3E8B13EF47620085C888 /* PriorityTextSplitter.m in Sources */ = {isa = PBXBuildFile; fileRef = 882B3E8A13EF47610085C888 /* PriorityTextSplitter.m */; };
		882B3E8E13EF47B80085C888 /* ProjectParser.m in Sources */ = {isa = PBXBuildFile; fileRef = 882B3E8D13EF47B70085C888 /* ProjectParser.m */; };
		882B3E9013EF47F40085C888 /* TaskEditViewController.xib in Resources */ = {isa = PBXBuildFile; fileRef = 882B3E8F13EF47F40085C888 /* TaskEditViewController.xib */; };
		8831984313EBB55800EC5BC3 /* TaskIo.m in Sources */ = {isa = PBXBuildFile; fileRef = 8831984213EBB55800EC5BC3 /* TaskIo.m */; };
		8831984713EBBD1200EC5BC3 /* DDFileReader.m in Sources */ = {isa = PBXBuildFile; fileRef = 8831984613EBBD1200EC5BC3 /* DDFileReader.m */; };
		8831984A13EBC59E00EC5BC3 /* TaskBagFactory.m in Sources */ = {isa = PBXBuildFile; fileRef = 8831984913EBC59E00EC5BC3 /* TaskBagFactory.m */; };
		8831984D13EBC62D00EC5BC3 /* TaskBagImpl.m in Sources */ = {isa = PBXBuildFile; fileRef = 8831984C13EBC62C00EC5BC3 /* TaskBagImpl.m */; };
		883E430113EB8395002FEBCC /* LocalFileTaskRepository.m in Sources */ = {isa = PBXBuildFile; fileRef = 883E430013EB8395002FEBCC /* LocalFileTaskRepository.m */; };
		8858D0BA13EA89C50083FA44 /* Priority.m in Sources */ = {isa = PBXBuildFile; fileRef = 8858D0B713EA89C50083FA44 /* Priority.m */; };
		8858D0BB13EA89C50083FA44 /* Task.m in Sources */ = {isa = PBXBuildFile; fileRef = 8858D0B913EA89C50083FA44 /* Task.m */; };
/* End PBXBuildFile section */

/* Begin PBXFileReference section */
		1D30AB110D05D00D00671497 /* Foundation.framework */ = {isa = PBXFileReference; lastKnownFileType = wrapper.framework; name = Foundation.framework; path = System/Library/Frameworks/Foundation.framework; sourceTree = SDKROOT; };
		1D3623240D0F684500981E51 /* todo_txt_touch_iosAppDelegate.h */ = {isa = PBXFileReference; fileEncoding = 4; lastKnownFileType = sourcecode.c.h; path = todo_txt_touch_iosAppDelegate.h; sourceTree = "<group>"; };
		1D3623250D0F684500981E51 /* todo_txt_touch_iosAppDelegate.m */ = {isa = PBXFileReference; fileEncoding = 4; lastKnownFileType = sourcecode.c.objc; path = todo_txt_touch_iosAppDelegate.m; sourceTree = "<group>"; };
		1D6058910D05DD3D006BFB54 /* Todo.txt Touch.app */ = {isa = PBXFileReference; explicitFileType = wrapper.application; includeInIndex = 0; path = "Todo.txt Touch.app"; sourceTree = BUILT_PRODUCTS_DIR; };
		1DF5F4DF0D08C38300B7A737 /* UIKit.framework */ = {isa = PBXFileReference; lastKnownFileType = wrapper.framework; name = UIKit.framework; path = System/Library/Frameworks/UIKit.framework; sourceTree = SDKROOT; };
		288765A40DF7441C002DB57D /* CoreGraphics.framework */ = {isa = PBXFileReference; lastKnownFileType = wrapper.framework; name = CoreGraphics.framework; path = System/Library/Frameworks/CoreGraphics.framework; sourceTree = SDKROOT; };
		2899E5210DE3E06400AC0155 /* todo_txt_touch_iosViewController.xib */ = {isa = PBXFileReference; lastKnownFileType = file.xib; path = todo_txt_touch_iosViewController.xib; sourceTree = "<group>"; };
		28AD733E0D9D9553002E5188 /* MainWindow.xib */ = {isa = PBXFileReference; lastKnownFileType = file.xib; path = MainWindow.xib; sourceTree = "<group>"; };
		28D7ACF60DDB3853001CB0EB /* todo_txt_touch_iosViewController.h */ = {isa = PBXFileReference; fileEncoding = 4; lastKnownFileType = sourcecode.c.h; path = todo_txt_touch_iosViewController.h; sourceTree = "<group>"; };
		28D7ACF70DDB3853001CB0EB /* todo_txt_touch_iosViewController.m */ = {isa = PBXFileReference; fileEncoding = 4; lastKnownFileType = sourcecode.c.objc; path = todo_txt_touch_iosViewController.m; sourceTree = "<group>"; };
		29B97316FDCFA39411CA2CEA /* main.m */ = {isa = PBXFileReference; fileEncoding = 4; lastKnownFileType = sourcecode.c.objc; path = main.m; sourceTree = "<group>"; };
		32CA4F630368D1EE00C91783 /* todo_txt_touch_ios_Prefix.pch */ = {isa = PBXFileReference; fileEncoding = 4; lastKnownFileType = sourcecode.c.h; path = todo_txt_touch_ios_Prefix.pch; sourceTree = "<group>"; };
		59216BFC13E7804700FF07EE /* TaskEditViewController.h */ = {isa = PBXFileReference; fileEncoding = 4; lastKnownFileType = sourcecode.c.h; path = TaskEditViewController.h; sourceTree = "<group>"; };
		59216BFD13E7804700FF07EE /* TaskEditViewController.m */ = {isa = PBXFileReference; fileEncoding = 4; lastKnownFileType = sourcecode.c.objc; path = TaskEditViewController.m; sourceTree = "<group>"; };
		59216C7313E8C89200FF07EE /* Util.h */ = {isa = PBXFileReference; fileEncoding = 4; lastKnownFileType = sourcecode.c.h; path = Util.h; sourceTree = "<group>"; };
		59216C7413E8C89200FF07EE /* Util.m */ = {isa = PBXFileReference; fileEncoding = 4; lastKnownFileType = sourcecode.c.objc; path = Util.m; sourceTree = "<group>"; };
		59216D3C13EA318100FF07EE /* RelativeDate.h */ = {isa = PBXFileReference; fileEncoding = 4; lastKnownFileType = sourcecode.c.h; path = RelativeDate.h; sourceTree = "<group>"; };
		59216D3D13EA318100FF07EE /* RelativeDate.m */ = {isa = PBXFileReference; fileEncoding = 4; lastKnownFileType = sourcecode.c.objc; path = RelativeDate.m; sourceTree = "<group>"; };
		7D57054312F89F1900BB5E8D /* Icon-72.png */ = {isa = PBXFileReference; lastKnownFileType = image.png; path = "Icon-72.png"; sourceTree = "<group>"; };
		7D57054412F89F1900BB5E8D /* Icon-Small-50.png */ = {isa = PBXFileReference; lastKnownFileType = image.png; path = "Icon-Small-50.png"; sourceTree = "<group>"; };
		7D57054512F89F1900BB5E8D /* Icon-Small.png */ = {isa = PBXFileReference; lastKnownFileType = image.png; path = "Icon-Small.png"; sourceTree = "<group>"; };
		7D57054612F89F1900BB5E8D /* Icon.png */ = {isa = PBXFileReference; lastKnownFileType = image.png; path = Icon.png; sourceTree = "<group>"; };
		7D57054E12F8A06500BB5E8D /* DBAccountInfo.h */ = {isa = PBXFileReference; fileEncoding = 4; lastKnownFileType = sourcecode.c.h; path = DBAccountInfo.h; sourceTree = "<group>"; };
		7D57054F12F8A06500BB5E8D /* DBAccountInfo.m */ = {isa = PBXFileReference; fileEncoding = 4; lastKnownFileType = sourcecode.c.objc; path = DBAccountInfo.m; sourceTree = "<group>"; };
		7D57055012F8A06500BB5E8D /* DBCreateAccountController.h */ = {isa = PBXFileReference; fileEncoding = 4; lastKnownFileType = sourcecode.c.h; path = DBCreateAccountController.h; sourceTree = "<group>"; };
		7D57055112F8A06500BB5E8D /* DBCreateAccountController.m */ = {isa = PBXFileReference; fileEncoding = 4; lastKnownFileType = sourcecode.c.objc; path = DBCreateAccountController.m; sourceTree = "<group>"; };
		7D57055212F8A06500BB5E8D /* DBError.h */ = {isa = PBXFileReference; fileEncoding = 4; lastKnownFileType = sourcecode.c.h; path = DBError.h; sourceTree = "<group>"; };
		7D57055312F8A06500BB5E8D /* DBError.m */ = {isa = PBXFileReference; fileEncoding = 4; lastKnownFileType = sourcecode.c.objc; path = DBError.m; sourceTree = "<group>"; };
		7D57055412F8A06500BB5E8D /* DBLoadingView.h */ = {isa = PBXFileReference; fileEncoding = 4; lastKnownFileType = sourcecode.c.h; path = DBLoadingView.h; sourceTree = "<group>"; };
		7D57055512F8A06500BB5E8D /* DBLoadingView.m */ = {isa = PBXFileReference; fileEncoding = 4; lastKnownFileType = sourcecode.c.objc; path = DBLoadingView.m; sourceTree = "<group>"; };
		7D57055612F8A06500BB5E8D /* DBLoginController.h */ = {isa = PBXFileReference; fileEncoding = 4; lastKnownFileType = sourcecode.c.h; path = DBLoginController.h; sourceTree = "<group>"; };
		7D57055712F8A06500BB5E8D /* DBLoginController.m */ = {isa = PBXFileReference; fileEncoding = 4; lastKnownFileType = sourcecode.c.objc; path = DBLoginController.m; sourceTree = "<group>"; };
		7D57055812F8A06500BB5E8D /* DBMetadata.h */ = {isa = PBXFileReference; fileEncoding = 4; lastKnownFileType = sourcecode.c.h; path = DBMetadata.h; sourceTree = "<group>"; };
		7D57055912F8A06500BB5E8D /* DBMetadata.m */ = {isa = PBXFileReference; fileEncoding = 4; lastKnownFileType = sourcecode.c.objc; path = DBMetadata.m; sourceTree = "<group>"; };
		7D57055A12F8A06500BB5E8D /* DBQuota.h */ = {isa = PBXFileReference; fileEncoding = 4; lastKnownFileType = sourcecode.c.h; path = DBQuota.h; sourceTree = "<group>"; };
		7D57055B12F8A06500BB5E8D /* DBQuota.m */ = {isa = PBXFileReference; fileEncoding = 4; lastKnownFileType = sourcecode.c.objc; path = DBQuota.m; sourceTree = "<group>"; };
		7D57055C12F8A06500BB5E8D /* DBRequest.h */ = {isa = PBXFileReference; fileEncoding = 4; lastKnownFileType = sourcecode.c.h; path = DBRequest.h; sourceTree = "<group>"; };
		7D57055D12F8A06500BB5E8D /* DBRequest.m */ = {isa = PBXFileReference; fileEncoding = 4; lastKnownFileType = sourcecode.c.objc; path = DBRequest.m; sourceTree = "<group>"; };
		7D57055E12F8A06500BB5E8D /* DBRestClient.h */ = {isa = PBXFileReference; fileEncoding = 4; lastKnownFileType = sourcecode.c.h; path = DBRestClient.h; sourceTree = "<group>"; };
		7D57055F12F8A06500BB5E8D /* DBRestClient.m */ = {isa = PBXFileReference; fileEncoding = 4; lastKnownFileType = sourcecode.c.objc; path = DBRestClient.m; sourceTree = "<group>"; };
		7D57056012F8A06500BB5E8D /* DBSession.h */ = {isa = PBXFileReference; fileEncoding = 4; lastKnownFileType = sourcecode.c.h; path = DBSession.h; sourceTree = "<group>"; };
		7D57056112F8A06500BB5E8D /* DBSession.m */ = {isa = PBXFileReference; fileEncoding = 4; lastKnownFileType = sourcecode.c.objc; path = DBSession.m; sourceTree = "<group>"; };
		7D57056212F8A06500BB5E8D /* DropboxSDK.h */ = {isa = PBXFileReference; fileEncoding = 4; lastKnownFileType = sourcecode.c.h; path = DropboxSDK.h; sourceTree = "<group>"; };
		7D57056412F8A06500BB5E8D /* JSON.h */ = {isa = PBXFileReference; fileEncoding = 4; lastKnownFileType = sourcecode.c.h; path = JSON.h; sourceTree = "<group>"; };
		7D57056512F8A06500BB5E8D /* NSObject+SBJSON.h */ = {isa = PBXFileReference; fileEncoding = 4; lastKnownFileType = sourcecode.c.h; path = "NSObject+SBJSON.h"; sourceTree = "<group>"; };
		7D57056612F8A06500BB5E8D /* NSObject+SBJSON.m */ = {isa = PBXFileReference; fileEncoding = 4; lastKnownFileType = sourcecode.c.objc; path = "NSObject+SBJSON.m"; sourceTree = "<group>"; };
		7D57056712F8A06500BB5E8D /* NSString+SBJSON.h */ = {isa = PBXFileReference; fileEncoding = 4; lastKnownFileType = sourcecode.c.h; path = "NSString+SBJSON.h"; sourceTree = "<group>"; };
		7D57056812F8A06500BB5E8D /* NSString+SBJSON.m */ = {isa = PBXFileReference; fileEncoding = 4; lastKnownFileType = sourcecode.c.objc; path = "NSString+SBJSON.m"; sourceTree = "<group>"; };
		7D57056912F8A06500BB5E8D /* SBJSON.h */ = {isa = PBXFileReference; fileEncoding = 4; lastKnownFileType = sourcecode.c.h; path = SBJSON.h; sourceTree = "<group>"; };
		7D57056A12F8A06500BB5E8D /* SBJSON.m */ = {isa = PBXFileReference; fileEncoding = 4; lastKnownFileType = sourcecode.c.objc; path = SBJSON.m; sourceTree = "<group>"; };
		7D57056B12F8A06500BB5E8D /* SBJsonBase.h */ = {isa = PBXFileReference; fileEncoding = 4; lastKnownFileType = sourcecode.c.h; path = SBJsonBase.h; sourceTree = "<group>"; };
		7D57056C12F8A06500BB5E8D /* SBJsonBase.m */ = {isa = PBXFileReference; fileEncoding = 4; lastKnownFileType = sourcecode.c.objc; path = SBJsonBase.m; sourceTree = "<group>"; };
		7D57056D12F8A06500BB5E8D /* SBJsonParser.h */ = {isa = PBXFileReference; fileEncoding = 4; lastKnownFileType = sourcecode.c.h; path = SBJsonParser.h; sourceTree = "<group>"; };
		7D57056E12F8A06500BB5E8D /* SBJsonParser.m */ = {isa = PBXFileReference; fileEncoding = 4; lastKnownFileType = sourcecode.c.objc; path = SBJsonParser.m; sourceTree = "<group>"; };
		7D57056F12F8A06500BB5E8D /* SBJsonWriter.h */ = {isa = PBXFileReference; fileEncoding = 4; lastKnownFileType = sourcecode.c.h; path = SBJsonWriter.h; sourceTree = "<group>"; };
		7D57057012F8A06500BB5E8D /* SBJsonWriter.m */ = {isa = PBXFileReference; fileEncoding = 4; lastKnownFileType = sourcecode.c.objc; path = SBJsonWriter.m; sourceTree = "<group>"; };
		7D57057312F8A06500BB5E8D /* Base64Transcoder.c */ = {isa = PBXFileReference; fileEncoding = 4; lastKnownFileType = sourcecode.c.c; path = Base64Transcoder.c; sourceTree = "<group>"; };
		7D57057412F8A06500BB5E8D /* Base64Transcoder.h */ = {isa = PBXFileReference; fileEncoding = 4; lastKnownFileType = sourcecode.c.h; path = Base64Transcoder.h; sourceTree = "<group>"; };
		7D57057512F8A06500BB5E8D /* MPDebug.h */ = {isa = PBXFileReference; fileEncoding = 4; lastKnownFileType = sourcecode.c.h; path = MPDebug.h; sourceTree = "<group>"; };
		7D57057612F8A06500BB5E8D /* MPOAuth.h */ = {isa = PBXFileReference; fileEncoding = 4; lastKnownFileType = sourcecode.c.h; path = MPOAuth.h; sourceTree = "<group>"; };
		7D57057712F8A06500BB5E8D /* MPOAuthAPI.h */ = {isa = PBXFileReference; fileEncoding = 4; lastKnownFileType = sourcecode.c.h; path = MPOAuthAPI.h; sourceTree = "<group>"; };
		7D57057812F8A06500BB5E8D /* MPOAuthAPI.m */ = {isa = PBXFileReference; fileEncoding = 4; lastKnownFileType = sourcecode.c.objc; path = MPOAuthAPI.m; sourceTree = "<group>"; };
		7D57057912F8A06500BB5E8D /* MPOAuthAPIRequestLoader.h */ = {isa = PBXFileReference; fileEncoding = 4; lastKnownFileType = sourcecode.c.h; path = MPOAuthAPIRequestLoader.h; sourceTree = "<group>"; };
		7D57057A12F8A06500BB5E8D /* MPOAuthAPIRequestLoader.m */ = {isa = PBXFileReference; fileEncoding = 4; lastKnownFileType = sourcecode.c.objc; path = MPOAuthAPIRequestLoader.m; sourceTree = "<group>"; };
		7D57057B12F8A06500BB5E8D /* MPOAuthAuthenticationMethod.h */ = {isa = PBXFileReference; fileEncoding = 4; lastKnownFileType = sourcecode.c.h; path = MPOAuthAuthenticationMethod.h; sourceTree = "<group>"; };
		7D57057C12F8A06500BB5E8D /* MPOAuthAuthenticationMethod.m */ = {isa = PBXFileReference; fileEncoding = 4; lastKnownFileType = sourcecode.c.objc; path = MPOAuthAuthenticationMethod.m; sourceTree = "<group>"; };
		7D57057D12F8A06500BB5E8D /* MPOAuthAuthenticationMethodOAuth.h */ = {isa = PBXFileReference; fileEncoding = 4; lastKnownFileType = sourcecode.c.h; path = MPOAuthAuthenticationMethodOAuth.h; sourceTree = "<group>"; };
		7D57057E12F8A06500BB5E8D /* MPOAuthAuthenticationMethodOAuth.m */ = {isa = PBXFileReference; fileEncoding = 4; lastKnownFileType = sourcecode.c.objc; path = MPOAuthAuthenticationMethodOAuth.m; sourceTree = "<group>"; };
		7D57057F12F8A06500BB5E8D /* MPOAuthConnection.h */ = {isa = PBXFileReference; fileEncoding = 4; lastKnownFileType = sourcecode.c.h; path = MPOAuthConnection.h; sourceTree = "<group>"; };
		7D57058012F8A06500BB5E8D /* MPOAuthConnection.m */ = {isa = PBXFileReference; fileEncoding = 4; lastKnownFileType = sourcecode.c.objc; path = MPOAuthConnection.m; sourceTree = "<group>"; };
		7D57058112F8A06500BB5E8D /* MPOAuthCredentiaIConcreteStore+KeychainAdditionsMac.m */ = {isa = PBXFileReference; fileEncoding = 4; lastKnownFileType = sourcecode.c.objc; path = "MPOAuthCredentiaIConcreteStore+KeychainAdditionsMac.m"; sourceTree = "<group>"; };
		7D57058212F8A06600BB5E8D /* MPOAuthCredentialConcreteStore+KeychainAdditions.h */ = {isa = PBXFileReference; fileEncoding = 4; lastKnownFileType = sourcecode.c.h; path = "MPOAuthCredentialConcreteStore+KeychainAdditions.h"; sourceTree = "<group>"; };
		7D57058312F8A06600BB5E8D /* MPOAuthCredentialConcreteStore+KeychainAdditionsiPhone.m */ = {isa = PBXFileReference; fileEncoding = 4; lastKnownFileType = sourcecode.c.objc; path = "MPOAuthCredentialConcreteStore+KeychainAdditionsiPhone.m"; sourceTree = "<group>"; };
		7D57058412F8A06600BB5E8D /* MPOAuthCredentialConcreteStore.h */ = {isa = PBXFileReference; fileEncoding = 4; lastKnownFileType = sourcecode.c.h; path = MPOAuthCredentialConcreteStore.h; sourceTree = "<group>"; };
		7D57058512F8A06600BB5E8D /* MPOAuthCredentialConcreteStore.m */ = {isa = PBXFileReference; fileEncoding = 4; lastKnownFileType = sourcecode.c.objc; path = MPOAuthCredentialConcreteStore.m; sourceTree = "<group>"; };
		7D57058612F8A06600BB5E8D /* MPOAuthCredentialStore.h */ = {isa = PBXFileReference; fileEncoding = 4; lastKnownFileType = sourcecode.c.h; path = MPOAuthCredentialStore.h; sourceTree = "<group>"; };
		7D57058712F8A06600BB5E8D /* MPOAuthParameterFactory.h */ = {isa = PBXFileReference; fileEncoding = 4; lastKnownFileType = sourcecode.c.h; path = MPOAuthParameterFactory.h; sourceTree = "<group>"; };
		7D57058812F8A06600BB5E8D /* MPOAuthSignatureParameter.h */ = {isa = PBXFileReference; fileEncoding = 4; lastKnownFileType = sourcecode.c.h; path = MPOAuthSignatureParameter.h; sourceTree = "<group>"; };
		7D57058912F8A06600BB5E8D /* MPOAuthSignatureParameter.m */ = {isa = PBXFileReference; fileEncoding = 4; lastKnownFileType = sourcecode.c.objc; path = MPOAuthSignatureParameter.m; sourceTree = "<group>"; };
		7D57058A12F8A06600BB5E8D /* MPOAuthURLRequest.h */ = {isa = PBXFileReference; fileEncoding = 4; lastKnownFileType = sourcecode.c.h; path = MPOAuthURLRequest.h; sourceTree = "<group>"; };
		7D57058B12F8A06600BB5E8D /* MPOAuthURLRequest.m */ = {isa = PBXFileReference; fileEncoding = 4; lastKnownFileType = sourcecode.c.objc; path = MPOAuthURLRequest.m; sourceTree = "<group>"; };
		7D57058C12F8A06600BB5E8D /* MPOAuthURLResponse.h */ = {isa = PBXFileReference; fileEncoding = 4; lastKnownFileType = sourcecode.c.h; path = MPOAuthURLResponse.h; sourceTree = "<group>"; };
		7D57058D12F8A06600BB5E8D /* MPOAuthURLResponse.m */ = {isa = PBXFileReference; fileEncoding = 4; lastKnownFileType = sourcecode.c.objc; path = MPOAuthURLResponse.m; sourceTree = "<group>"; };
		7D57058E12F8A06600BB5E8D /* MPURLRequestParameter.h */ = {isa = PBXFileReference; fileEncoding = 4; lastKnownFileType = sourcecode.c.h; path = MPURLRequestParameter.h; sourceTree = "<group>"; };
		7D57058F12F8A06600BB5E8D /* MPURLRequestParameter.m */ = {isa = PBXFileReference; fileEncoding = 4; lastKnownFileType = sourcecode.c.objc; path = MPURLRequestParameter.m; sourceTree = "<group>"; };
		7D57059012F8A06600BB5E8D /* NSString+URLEscapingAdditions.h */ = {isa = PBXFileReference; fileEncoding = 4; lastKnownFileType = sourcecode.c.h; path = "NSString+URLEscapingAdditions.h"; sourceTree = "<group>"; };
		7D57059112F8A06600BB5E8D /* NSString+URLEscapingAdditions.m */ = {isa = PBXFileReference; fileEncoding = 4; lastKnownFileType = sourcecode.c.objc; path = "NSString+URLEscapingAdditions.m"; sourceTree = "<group>"; };
		7D57059212F8A06600BB5E8D /* NSURL+MPURLParameterAdditions.h */ = {isa = PBXFileReference; fileEncoding = 4; lastKnownFileType = sourcecode.c.h; path = "NSURL+MPURLParameterAdditions.h"; sourceTree = "<group>"; };
		7D57059312F8A06600BB5E8D /* NSURL+MPURLParameterAdditions.m */ = {isa = PBXFileReference; fileEncoding = 4; lastKnownFileType = sourcecode.c.objc; path = "NSURL+MPURLParameterAdditions.m"; sourceTree = "<group>"; };
		7D57059412F8A06600BB5E8D /* NSURLResponse+Encoding.h */ = {isa = PBXFileReference; fileEncoding = 4; lastKnownFileType = sourcecode.c.h; path = "NSURLResponse+Encoding.h"; sourceTree = "<group>"; };
		7D57059512F8A06600BB5E8D /* NSURLResponse+Encoding.m */ = {isa = PBXFileReference; fileEncoding = 4; lastKnownFileType = sourcecode.c.objc; path = "NSURLResponse+Encoding.m"; sourceTree = "<group>"; };
		7D57059612F8A06600BB5E8D /* NSString+Dropbox.h */ = {isa = PBXFileReference; fileEncoding = 4; lastKnownFileType = sourcecode.c.h; path = "NSString+Dropbox.h"; sourceTree = "<group>"; };
		7D57059712F8A06600BB5E8D /* NSString+Dropbox.m */ = {isa = PBXFileReference; fileEncoding = 4; lastKnownFileType = sourcecode.c.objc; path = "NSString+Dropbox.m"; sourceTree = "<group>"; };
		7D57059912F8A06600BB5E8D /* db_background.png */ = {isa = PBXFileReference; lastKnownFileType = image.png; path = db_background.png; sourceTree = "<group>"; };
		7D57059A12F8A06600BB5E8D /* db_create_account.png */ = {isa = PBXFileReference; lastKnownFileType = image.png; path = db_create_account.png; sourceTree = "<group>"; };
		7D57059B12F8A06600BB5E8D /* db_create_account@2x.png */ = {isa = PBXFileReference; lastKnownFileType = image.png; path = "db_create_account@2x.png"; sourceTree = "<group>"; };
		7D57059C12F8A06600BB5E8D /* db_create_account_button.png */ = {isa = PBXFileReference; lastKnownFileType = image.png; path = db_create_account_button.png; sourceTree = "<group>"; };
		7D57059D12F8A06600BB5E8D /* db_create_account_button_down.png */ = {isa = PBXFileReference; lastKnownFileType = image.png; path = db_create_account_button_down.png; sourceTree = "<group>"; };
		7D57059E12F8A06600BB5E8D /* db_link_button.png */ = {isa = PBXFileReference; lastKnownFileType = image.png; path = db_link_button.png; sourceTree = "<group>"; };
		7D57059F12F8A06600BB5E8D /* db_link_button_down.png */ = {isa = PBXFileReference; lastKnownFileType = image.png; path = db_link_button_down.png; sourceTree = "<group>"; };
		7D5705A012F8A06600BB5E8D /* db_link_header.png */ = {isa = PBXFileReference; lastKnownFileType = image.png; path = db_link_header.png; sourceTree = "<group>"; };
		7D5705A112F8A06600BB5E8D /* db_link_header@2x.png */ = {isa = PBXFileReference; lastKnownFileType = image.png; path = "db_link_header@2x.png"; sourceTree = "<group>"; };
		7D5705A212F8A06600BB5E8D /* db_logo.png */ = {isa = PBXFileReference; lastKnownFileType = image.png; path = db_logo.png; sourceTree = "<group>"; };
		7D5705A312F8A06600BB5E8D /* db_logo@2x.png */ = {isa = PBXFileReference; lastKnownFileType = image.png; path = "db_logo@2x.png"; sourceTree = "<group>"; };
		7D5705D112F8A07E00BB5E8D /* Security.framework */ = {isa = PBXFileReference; lastKnownFileType = wrapper.framework; name = Security.framework; path = System/Library/Frameworks/Security.framework; sourceTree = SDKROOT; };
		7DBE2A3A12F7939200FD6A92 /* MainWindow-iPad.xib */ = {isa = PBXFileReference; lastKnownFileType = file.xib; name = "MainWindow-iPad.xib"; path = "Resources-iPad/MainWindow-iPad.xib"; sourceTree = "<group>"; };
		882B3E5313ECCB240085C888 /* AsyncTask.h */ = {isa = PBXFileReference; fileEncoding = 4; lastKnownFileType = sourcecode.c.h; path = AsyncTask.h; sourceTree = "<group>"; };
		882B3E5413ECCB240085C888 /* AsyncTask.m */ = {isa = PBXFileReference; fileEncoding = 4; lastKnownFileType = sourcecode.c.objc; path = AsyncTask.m; sourceTree = "<group>"; };
		882B3E5E13EE3E340085C888 /* TaskViewController.h */ = {isa = PBXFileReference; fileEncoding = 4; lastKnownFileType = sourcecode.c.h; path = TaskViewController.h; sourceTree = "<group>"; };
		882B3E5F13EE3E350085C888 /* TaskViewController.m */ = {isa = PBXFileReference; fileEncoding = 4; lastKnownFileType = sourcecode.c.objc; path = TaskViewController.m; sourceTree = "<group>"; };
		882B3E8313EF46740085C888 /* ContextParser.h */ = {isa = PBXFileReference; fileEncoding = 4; lastKnownFileType = sourcecode.c.h; name = ContextParser.h; path = Classes/ContextParser.h; sourceTree = "<group>"; };
		882B3E8413EF46740085C888 /* ContextParser.m */ = {isa = PBXFileReference; fileEncoding = 4; lastKnownFileType = sourcecode.c.objc; name = ContextParser.m; path = Classes/ContextParser.m; sourceTree = "<group>"; };
		882B3E8613EF46E80085C888 /* TextSplitter.h */ = {isa = PBXFileReference; fileEncoding = 4; lastKnownFileType = sourcecode.c.h; name = TextSplitter.h; path = Classes/TextSplitter.h; sourceTree = "<group>"; };
		882B3E8713EF46E80085C888 /* TextSplitter.m */ = {isa = PBXFileReference; fileEncoding = 4; lastKnownFileType = sourcecode.c.objc; name = TextSplitter.m; path = Classes/TextSplitter.m; sourceTree = "<group>"; };
		882B3E8913EF47610085C888 /* PriorityTextSplitter.h */ = {isa = PBXFileReference; fileEncoding = 4; lastKnownFileType = sourcecode.c.h; name = PriorityTextSplitter.h; path = Classes/PriorityTextSplitter.h; sourceTree = "<group>"; };
		882B3E8A13EF47610085C888 /* PriorityTextSplitter.m */ = {isa = PBXFileReference; fileEncoding = 4; lastKnownFileType = sourcecode.c.objc; name = PriorityTextSplitter.m; path = Classes/PriorityTextSplitter.m; sourceTree = "<group>"; };
		882B3E8C13EF47B70085C888 /* ProjectParser.h */ = {isa = PBXFileReference; fileEncoding = 4; lastKnownFileType = sourcecode.c.h; name = ProjectParser.h; path = Classes/ProjectParser.h; sourceTree = "<group>"; };
		882B3E8D13EF47B70085C888 /* ProjectParser.m */ = {isa = PBXFileReference; fileEncoding = 4; lastKnownFileType = sourcecode.c.objc; name = ProjectParser.m; path = Classes/ProjectParser.m; sourceTree = "<group>"; };
		882B3E8F13EF47F40085C888 /* TaskEditViewController.xib */ = {isa = PBXFileReference; fileEncoding = 4; lastKnownFileType = file.xib; path = TaskEditViewController.xib; sourceTree = "<group>"; };
		8831984113EBB55800EC5BC3 /* TaskIo.h */ = {isa = PBXFileReference; fileEncoding = 4; lastKnownFileType = sourcecode.c.h; path = TaskIo.h; sourceTree = "<group>"; };
		8831984213EBB55800EC5BC3 /* TaskIo.m */ = {isa = PBXFileReference; fileEncoding = 4; lastKnownFileType = sourcecode.c.objc; path = TaskIo.m; sourceTree = "<group>"; };
		8831984513EBBD1200EC5BC3 /* DDFileReader.h */ = {isa = PBXFileReference; fileEncoding = 4; lastKnownFileType = sourcecode.c.h; path = DDFileReader.h; sourceTree = "<group>"; };
		8831984613EBBD1200EC5BC3 /* DDFileReader.m */ = {isa = PBXFileReference; fileEncoding = 4; lastKnownFileType = sourcecode.c.objc; path = DDFileReader.m; sourceTree = "<group>"; };
		8831984813EBC59E00EC5BC3 /* TaskBagFactory.h */ = {isa = PBXFileReference; fileEncoding = 4; lastKnownFileType = sourcecode.c.h; name = TaskBagFactory.h; path = Classes/TaskBagFactory.h; sourceTree = "<group>"; };
		8831984913EBC59E00EC5BC3 /* TaskBagFactory.m */ = {isa = PBXFileReference; fileEncoding = 4; lastKnownFileType = sourcecode.c.objc; name = TaskBagFactory.m; path = Classes/TaskBagFactory.m; sourceTree = "<group>"; };
		8831984B13EBC62C00EC5BC3 /* TaskBagImpl.h */ = {isa = PBXFileReference; fileEncoding = 4; lastKnownFileType = sourcecode.c.h; name = TaskBagImpl.h; path = Classes/TaskBagImpl.h; sourceTree = "<group>"; };
		8831984C13EBC62C00EC5BC3 /* TaskBagImpl.m */ = {isa = PBXFileReference; fileEncoding = 4; lastKnownFileType = sourcecode.c.objc; name = TaskBagImpl.m; path = Classes/TaskBagImpl.m; sourceTree = "<group>"; };
		883E42FC13EB7BDC002FEBCC /* TaskBag.h */ = {isa = PBXFileReference; fileEncoding = 4; lastKnownFileType = sourcecode.c.h; name = TaskBag.h; path = Classes/TaskBag.h; sourceTree = "<group>"; };
		883E42FE13EB7E66002FEBCC /* LocalTaskRepository.h */ = {isa = PBXFileReference; fileEncoding = 4; lastKnownFileType = sourcecode.c.h; name = LocalTaskRepository.h; path = Classes/LocalTaskRepository.h; sourceTree = "<group>"; };
		883E42FF13EB8395002FEBCC /* LocalFileTaskRepository.h */ = {isa = PBXFileReference; fileEncoding = 4; lastKnownFileType = sourcecode.c.h; name = LocalFileTaskRepository.h; path = Classes/LocalFileTaskRepository.h; sourceTree = "<group>"; };
		883E430013EB8395002FEBCC /* LocalFileTaskRepository.m */ = {isa = PBXFileReference; fileEncoding = 4; lastKnownFileType = sourcecode.c.objc; name = LocalFileTaskRepository.m; path = Classes/LocalFileTaskRepository.m; sourceTree = "<group>"; };
		8858D0B613EA89C50083FA44 /* Priority.h */ = {isa = PBXFileReference; fileEncoding = 4; lastKnownFileType = sourcecode.c.h; name = Priority.h; path = Classes/Priority.h; sourceTree = "<group>"; };
		8858D0B713EA89C50083FA44 /* Priority.m */ = {isa = PBXFileReference; fileEncoding = 4; lastKnownFileType = sourcecode.c.objc; name = Priority.m; path = Classes/Priority.m; sourceTree = "<group>"; };
		8858D0B813EA89C50083FA44 /* Task.h */ = {isa = PBXFileReference; fileEncoding = 4; lastKnownFileType = sourcecode.c.h; name = Task.h; path = Classes/Task.h; sourceTree = "<group>"; };
		8858D0B913EA89C50083FA44 /* Task.m */ = {isa = PBXFileReference; fileEncoding = 4; lastKnownFileType = sourcecode.c.objc; name = Task.m; path = Classes/Task.m; sourceTree = "<group>"; };
		8D1107310486CEB800E47090 /* todo_txt_touch_ios-Info.plist */ = {isa = PBXFileReference; fileEncoding = 4; lastKnownFileType = text.plist.xml; path = "todo_txt_touch_ios-Info.plist"; plistStructureDefinitionIdentifier = "com.apple.xcode.plist.structure-definition.iphone.info-plist"; sourceTree = "<group>"; };
/* End PBXFileReference section */

/* Begin PBXFrameworksBuildPhase section */
		1D60588F0D05DD3D006BFB54 /* Frameworks */ = {
			isa = PBXFrameworksBuildPhase;
			buildActionMask = 2147483647;
			files = (
				1D60589F0D05DD5A006BFB54 /* Foundation.framework in Frameworks */,
				1DF5F4E00D08C38300B7A737 /* UIKit.framework in Frameworks */,
				288765A50DF7441C002DB57D /* CoreGraphics.framework in Frameworks */,
				7D5705D212F8A07E00BB5E8D /* Security.framework in Frameworks */,
			);
			runOnlyForDeploymentPostprocessing = 0;
		};
/* End PBXFrameworksBuildPhase section */

/* Begin PBXGroup section */
		080E96DDFE201D6D7F000001 /* Classes */ = {
			isa = PBXGroup;
			children = (
				59216D3B13EA316100FF07EE /* Util */,
				59216B7613E64EA800FF07EE /* Task */,
				1D3623240D0F684500981E51 /* todo_txt_touch_iosAppDelegate.h */,
				1D3623250D0F684500981E51 /* todo_txt_touch_iosAppDelegate.m */,
				28D7ACF60DDB3853001CB0EB /* todo_txt_touch_iosViewController.h */,
				28D7ACF70DDB3853001CB0EB /* todo_txt_touch_iosViewController.m */,
				59216BFC13E7804700FF07EE /* TaskEditViewController.h */,
				59216BFD13E7804700FF07EE /* TaskEditViewController.m */,
				882B3E5E13EE3E340085C888 /* TaskViewController.h */,
				882B3E5F13EE3E350085C888 /* TaskViewController.m */,
			);
			path = Classes;
			sourceTree = "<group>";
		};
		19C28FACFE9D520D11CA2CBB /* Products */ = {
			isa = PBXGroup;
			children = (
				1D6058910D05DD3D006BFB54 /* Todo.txt Touch.app */,
			);
			name = Products;
			sourceTree = "<group>";
		};
		29B97314FDCFA39411CA2CEA /* CustomTemplate */ = {
			isa = PBXGroup;
			children = (
				7D57054D12F8A06500BB5E8D /* DropboxSDK */,
				080E96DDFE201D6D7F000001 /* Classes */,
				29B97315FDCFA39411CA2CEA /* Other Sources */,
				29B97317FDCFA39411CA2CEA /* Resources */,
				7DBE2A3912F7939100FD6A92 /* Resources-iPad */,
				29B97323FDCFA39411CA2CEA /* Frameworks */,
				19C28FACFE9D520D11CA2CBB /* Products */,
			);
			name = CustomTemplate;
			sourceTree = "<group>";
		};
		29B97315FDCFA39411CA2CEA /* Other Sources */ = {
			isa = PBXGroup;
			children = (
				32CA4F630368D1EE00C91783 /* todo_txt_touch_ios_Prefix.pch */,
				29B97316FDCFA39411CA2CEA /* main.m */,
			);
			name = "Other Sources";
			sourceTree = "<group>";
		};
		29B97317FDCFA39411CA2CEA /* Resources */ = {
			isa = PBXGroup;
			children = (
				7D57054312F89F1900BB5E8D /* Icon-72.png */,
				7D57054412F89F1900BB5E8D /* Icon-Small-50.png */,
				7D57054512F89F1900BB5E8D /* Icon-Small.png */,
				7D57054612F89F1900BB5E8D /* Icon.png */,
				882B3E8F13EF47F40085C888 /* TaskEditViewController.xib */,
				2899E5210DE3E06400AC0155 /* todo_txt_touch_iosViewController.xib */,
				28AD733E0D9D9553002E5188 /* MainWindow.xib */,
				8D1107310486CEB800E47090 /* todo_txt_touch_ios-Info.plist */,
			);
			name = Resources;
			sourceTree = "<group>";
		};
		29B97323FDCFA39411CA2CEA /* Frameworks */ = {
			isa = PBXGroup;
			children = (
				1DF5F4DF0D08C38300B7A737 /* UIKit.framework */,
				1D30AB110D05D00D00671497 /* Foundation.framework */,
				288765A40DF7441C002DB57D /* CoreGraphics.framework */,
				7D5705D112F8A07E00BB5E8D /* Security.framework */,
			);
			name = Frameworks;
			sourceTree = "<group>";
		};
		59216B7613E64EA800FF07EE /* Task */ = {
			isa = PBXGroup;
			children = (
				882B3E8313EF46740085C888 /* ContextParser.h */,
				882B3E8413EF46740085C888 /* ContextParser.m */,
				883E42FF13EB8395002FEBCC /* LocalFileTaskRepository.h */,
				883E430013EB8395002FEBCC /* LocalFileTaskRepository.m */,
				883E42FE13EB7E66002FEBCC /* LocalTaskRepository.h */,
				8858D0B613EA89C50083FA44 /* Priority.h */,
				8858D0B713EA89C50083FA44 /* Priority.m */,
				882B3E8913EF47610085C888 /* PriorityTextSplitter.h */,
				882B3E8A13EF47610085C888 /* PriorityTextSplitter.m */,
				882B3E8C13EF47B70085C888 /* ProjectParser.h */,
				882B3E8D13EF47B70085C888 /* ProjectParser.m */,
				8858D0B813EA89C50083FA44 /* Task.h */,
				8858D0B913EA89C50083FA44 /* Task.m */,
				883E42FC13EB7BDC002FEBCC /* TaskBag.h */,
				8831984813EBC59E00EC5BC3 /* TaskBagFactory.h */,
				8831984913EBC59E00EC5BC3 /* TaskBagFactory.m */,
				8831984B13EBC62C00EC5BC3 /* TaskBagImpl.h */,
				8831984C13EBC62C00EC5BC3 /* TaskBagImpl.m */,
				882B3E8613EF46E80085C888 /* TextSplitter.h */,
				882B3E8713EF46E80085C888 /* TextSplitter.m */,
			);
			name = Task;
			path = ..;
			sourceTree = "<group>";
		};
		59216D3B13EA316100FF07EE /* Util */ = {
			isa = PBXGroup;
			children = (
				882B3E5313ECCB240085C888 /* AsyncTask.h */,
				882B3E5413ECCB240085C888 /* AsyncTask.m */,
				8831984513EBBD1200EC5BC3 /* DDFileReader.h */,
				8831984613EBBD1200EC5BC3 /* DDFileReader.m */,
				59216D3C13EA318100FF07EE /* RelativeDate.h */,
				59216D3D13EA318100FF07EE /* RelativeDate.m */,
				8831984113EBB55800EC5BC3 /* TaskIo.h */,
				8831984213EBB55800EC5BC3 /* TaskIo.m */,
				59216C7313E8C89200FF07EE /* Util.h */,
				59216C7413E8C89200FF07EE /* Util.m */,
			);
			name = Util;
			sourceTree = "<group>";
		};
		7D57054D12F8A06500BB5E8D /* DropboxSDK */ = {
			isa = PBXGroup;
			children = (
				7D57054E12F8A06500BB5E8D /* DBAccountInfo.h */,
				7D57054F12F8A06500BB5E8D /* DBAccountInfo.m */,
				7D57055012F8A06500BB5E8D /* DBCreateAccountController.h */,
				7D57055112F8A06500BB5E8D /* DBCreateAccountController.m */,
				7D57055212F8A06500BB5E8D /* DBError.h */,
				7D57055312F8A06500BB5E8D /* DBError.m */,
				7D57055412F8A06500BB5E8D /* DBLoadingView.h */,
				7D57055512F8A06500BB5E8D /* DBLoadingView.m */,
				7D57055612F8A06500BB5E8D /* DBLoginController.h */,
				7D57055712F8A06500BB5E8D /* DBLoginController.m */,
				7D57055812F8A06500BB5E8D /* DBMetadata.h */,
				7D57055912F8A06500BB5E8D /* DBMetadata.m */,
				7D57055A12F8A06500BB5E8D /* DBQuota.h */,
				7D57055B12F8A06500BB5E8D /* DBQuota.m */,
				7D57055C12F8A06500BB5E8D /* DBRequest.h */,
				7D57055D12F8A06500BB5E8D /* DBRequest.m */,
				7D57055E12F8A06500BB5E8D /* DBRestClient.h */,
				7D57055F12F8A06500BB5E8D /* DBRestClient.m */,
				7D57056012F8A06500BB5E8D /* DBSession.h */,
				7D57056112F8A06500BB5E8D /* DBSession.m */,
				7D57056212F8A06500BB5E8D /* DropboxSDK.h */,
				7D57056312F8A06500BB5E8D /* JSON */,
				7D57057112F8A06500BB5E8D /* MPOAuth */,
				7D57059612F8A06600BB5E8D /* NSString+Dropbox.h */,
				7D57059712F8A06600BB5E8D /* NSString+Dropbox.m */,
				7D57059812F8A06600BB5E8D /* Resources */,
			);
			path = DropboxSDK;
			sourceTree = "<group>";
		};
		7D57056312F8A06500BB5E8D /* JSON */ = {
			isa = PBXGroup;
			children = (
				7D57056412F8A06500BB5E8D /* JSON.h */,
				7D57056512F8A06500BB5E8D /* NSObject+SBJSON.h */,
				7D57056612F8A06500BB5E8D /* NSObject+SBJSON.m */,
				7D57056712F8A06500BB5E8D /* NSString+SBJSON.h */,
				7D57056812F8A06500BB5E8D /* NSString+SBJSON.m */,
				7D57056912F8A06500BB5E8D /* SBJSON.h */,
				7D57056A12F8A06500BB5E8D /* SBJSON.m */,
				7D57056B12F8A06500BB5E8D /* SBJsonBase.h */,
				7D57056C12F8A06500BB5E8D /* SBJsonBase.m */,
				7D57056D12F8A06500BB5E8D /* SBJsonParser.h */,
				7D57056E12F8A06500BB5E8D /* SBJsonParser.m */,
				7D57056F12F8A06500BB5E8D /* SBJsonWriter.h */,
				7D57057012F8A06500BB5E8D /* SBJsonWriter.m */,
			);
			path = JSON;
			sourceTree = "<group>";
		};
		7D57057112F8A06500BB5E8D /* MPOAuth */ = {
			isa = PBXGroup;
			children = (
				7D57057212F8A06500BB5E8D /* Crypto */,
				7D57057512F8A06500BB5E8D /* MPDebug.h */,
				7D57057612F8A06500BB5E8D /* MPOAuth.h */,
				7D57057712F8A06500BB5E8D /* MPOAuthAPI.h */,
				7D57057812F8A06500BB5E8D /* MPOAuthAPI.m */,
				7D57057912F8A06500BB5E8D /* MPOAuthAPIRequestLoader.h */,
				7D57057A12F8A06500BB5E8D /* MPOAuthAPIRequestLoader.m */,
				7D57057B12F8A06500BB5E8D /* MPOAuthAuthenticationMethod.h */,
				7D57057C12F8A06500BB5E8D /* MPOAuthAuthenticationMethod.m */,
				7D57057D12F8A06500BB5E8D /* MPOAuthAuthenticationMethodOAuth.h */,
				7D57057E12F8A06500BB5E8D /* MPOAuthAuthenticationMethodOAuth.m */,
				7D57057F12F8A06500BB5E8D /* MPOAuthConnection.h */,
				7D57058012F8A06500BB5E8D /* MPOAuthConnection.m */,
				7D57058112F8A06500BB5E8D /* MPOAuthCredentiaIConcreteStore+KeychainAdditionsMac.m */,
				7D57058212F8A06600BB5E8D /* MPOAuthCredentialConcreteStore+KeychainAdditions.h */,
				7D57058312F8A06600BB5E8D /* MPOAuthCredentialConcreteStore+KeychainAdditionsiPhone.m */,
				7D57058412F8A06600BB5E8D /* MPOAuthCredentialConcreteStore.h */,
				7D57058512F8A06600BB5E8D /* MPOAuthCredentialConcreteStore.m */,
				7D57058612F8A06600BB5E8D /* MPOAuthCredentialStore.h */,
				7D57058712F8A06600BB5E8D /* MPOAuthParameterFactory.h */,
				7D57058812F8A06600BB5E8D /* MPOAuthSignatureParameter.h */,
				7D57058912F8A06600BB5E8D /* MPOAuthSignatureParameter.m */,
				7D57058A12F8A06600BB5E8D /* MPOAuthURLRequest.h */,
				7D57058B12F8A06600BB5E8D /* MPOAuthURLRequest.m */,
				7D57058C12F8A06600BB5E8D /* MPOAuthURLResponse.h */,
				7D57058D12F8A06600BB5E8D /* MPOAuthURLResponse.m */,
				7D57058E12F8A06600BB5E8D /* MPURLRequestParameter.h */,
				7D57058F12F8A06600BB5E8D /* MPURLRequestParameter.m */,
				7D57059012F8A06600BB5E8D /* NSString+URLEscapingAdditions.h */,
				7D57059112F8A06600BB5E8D /* NSString+URLEscapingAdditions.m */,
				7D57059212F8A06600BB5E8D /* NSURL+MPURLParameterAdditions.h */,
				7D57059312F8A06600BB5E8D /* NSURL+MPURLParameterAdditions.m */,
				7D57059412F8A06600BB5E8D /* NSURLResponse+Encoding.h */,
				7D57059512F8A06600BB5E8D /* NSURLResponse+Encoding.m */,
			);
			path = MPOAuth;
			sourceTree = "<group>";
		};
		7D57057212F8A06500BB5E8D /* Crypto */ = {
			isa = PBXGroup;
			children = (
				7D57057312F8A06500BB5E8D /* Base64Transcoder.c */,
				7D57057412F8A06500BB5E8D /* Base64Transcoder.h */,
			);
			path = Crypto;
			sourceTree = "<group>";
		};
		7D57059812F8A06600BB5E8D /* Resources */ = {
			isa = PBXGroup;
			children = (
				7D57059912F8A06600BB5E8D /* db_background.png */,
				7D57059A12F8A06600BB5E8D /* db_create_account.png */,
				7D57059B12F8A06600BB5E8D /* db_create_account@2x.png */,
				7D57059C12F8A06600BB5E8D /* db_create_account_button.png */,
				7D57059D12F8A06600BB5E8D /* db_create_account_button_down.png */,
				7D57059E12F8A06600BB5E8D /* db_link_button.png */,
				7D57059F12F8A06600BB5E8D /* db_link_button_down.png */,
				7D5705A012F8A06600BB5E8D /* db_link_header.png */,
				7D5705A112F8A06600BB5E8D /* db_link_header@2x.png */,
				7D5705A212F8A06600BB5E8D /* db_logo.png */,
				7D5705A312F8A06600BB5E8D /* db_logo@2x.png */,
			);
			path = Resources;
			sourceTree = "<group>";
		};
		7DBE2A3912F7939100FD6A92 /* Resources-iPad */ = {
			isa = PBXGroup;
			children = (
				7DBE2A3A12F7939200FD6A92 /* MainWindow-iPad.xib */,
			);
			name = "Resources-iPad";
			sourceTree = "<group>";
		};
/* End PBXGroup section */

/* Begin PBXNativeTarget section */
		1D6058900D05DD3D006BFB54 /* Todo.txt Touch */ = {
			isa = PBXNativeTarget;
			buildConfigurationList = 1D6058960D05DD3E006BFB54 /* Build configuration list for PBXNativeTarget "Todo.txt Touch" */;
			buildPhases = (
				1D60588D0D05DD3D006BFB54 /* Resources */,
				1D60588E0D05DD3D006BFB54 /* Sources */,
				1D60588F0D05DD3D006BFB54 /* Frameworks */,
			);
			buildRules = (
			);
			dependencies = (
			);
			name = "Todo.txt Touch";
			productName = "todo.txt-touch-ios";
			productReference = 1D6058910D05DD3D006BFB54 /* Todo.txt Touch.app */;
			productType = "com.apple.product-type.application";
		};
/* End PBXNativeTarget section */

/* Begin PBXProject section */
		29B97313FDCFA39411CA2CEA /* Project object */ = {
			isa = PBXProject;
			buildConfigurationList = C01FCF4E08A954540054247B /* Build configuration list for PBXProject "todo.txt-touch-ios" */;
			compatibilityVersion = "Xcode 3.1";
			developmentRegion = English;
			hasScannedForEncodings = 1;
			knownRegions = (
				English,
				Japanese,
				French,
				German,
			);
			mainGroup = 29B97314FDCFA39411CA2CEA /* CustomTemplate */;
			projectDirPath = "";
			projectRoot = "";
			targets = (
				1D6058900D05DD3D006BFB54 /* Todo.txt Touch */,
			);
		};
/* End PBXProject section */

/* Begin PBXResourcesBuildPhase section */
		1D60588D0D05DD3D006BFB54 /* Resources */ = {
			isa = PBXResourcesBuildPhase;
			buildActionMask = 2147483647;
			files = (
				28AD733F0D9D9553002E5188 /* MainWindow.xib in Resources */,
				2899E5220DE3E06400AC0155 /* todo_txt_touch_iosViewController.xib in Resources */,
				7DBE2A3B12F7939200FD6A92 /* MainWindow-iPad.xib in Resources */,
				7D57054712F89F1900BB5E8D /* Icon-72.png in Resources */,
				7D57054812F89F1900BB5E8D /* Icon-Small-50.png in Resources */,
				7D57054912F89F1900BB5E8D /* Icon-Small.png in Resources */,
				7D57054A12F89F1900BB5E8D /* Icon.png in Resources */,
				7D5705C512F8A06600BB5E8D /* db_background.png in Resources */,
				7D5705C612F8A06600BB5E8D /* db_create_account.png in Resources */,
				7D5705C712F8A06600BB5E8D /* db_create_account@2x.png in Resources */,
				7D5705C812F8A06600BB5E8D /* db_create_account_button.png in Resources */,
				7D5705C912F8A06600BB5E8D /* db_create_account_button_down.png in Resources */,
				7D5705CA12F8A06600BB5E8D /* db_link_button.png in Resources */,
				7D5705CB12F8A06600BB5E8D /* db_link_button_down.png in Resources */,
				7D5705CC12F8A06600BB5E8D /* db_link_header.png in Resources */,
				7D5705CD12F8A06600BB5E8D /* db_link_header@2x.png in Resources */,
				7D5705CE12F8A06600BB5E8D /* db_logo.png in Resources */,
				7D5705CF12F8A06600BB5E8D /* db_logo@2x.png in Resources */,
				882B3E9013EF47F40085C888 /* TaskEditViewController.xib in Resources */,
			);
			runOnlyForDeploymentPostprocessing = 0;
		};
/* End PBXResourcesBuildPhase section */

/* Begin PBXSourcesBuildPhase section */
		1D60588E0D05DD3D006BFB54 /* Sources */ = {
			isa = PBXSourcesBuildPhase;
			buildActionMask = 2147483647;
			files = (
				1D60589B0D05DD56006BFB54 /* main.m in Sources */,
				1D3623260D0F684500981E51 /* todo_txt_touch_iosAppDelegate.m in Sources */,
				28D7ACF80DDB3853001CB0EB /* todo_txt_touch_iosViewController.m in Sources */,
				7D5705A412F8A06600BB5E8D /* DBAccountInfo.m in Sources */,
				7D5705A512F8A06600BB5E8D /* DBCreateAccountController.m in Sources */,
				7D5705A612F8A06600BB5E8D /* DBError.m in Sources */,
				7D5705A712F8A06600BB5E8D /* DBLoadingView.m in Sources */,
				7D5705A812F8A06600BB5E8D /* DBLoginController.m in Sources */,
				7D5705A912F8A06600BB5E8D /* DBMetadata.m in Sources */,
				7D5705AA12F8A06600BB5E8D /* DBQuota.m in Sources */,
				7D5705AB12F8A06600BB5E8D /* DBRequest.m in Sources */,
				7D5705AC12F8A06600BB5E8D /* DBRestClient.m in Sources */,
				7D5705AD12F8A06600BB5E8D /* DBSession.m in Sources */,
				7D5705AE12F8A06600BB5E8D /* NSObject+SBJSON.m in Sources */,
				7D5705AF12F8A06600BB5E8D /* NSString+SBJSON.m in Sources */,
				7D5705B012F8A06600BB5E8D /* SBJSON.m in Sources */,
				7D5705B112F8A06600BB5E8D /* SBJsonBase.m in Sources */,
				7D5705B212F8A06600BB5E8D /* SBJsonParser.m in Sources */,
				7D5705B312F8A06600BB5E8D /* SBJsonWriter.m in Sources */,
				7D5705B412F8A06600BB5E8D /* Base64Transcoder.c in Sources */,
				7D5705B512F8A06600BB5E8D /* MPOAuthAPI.m in Sources */,
				7D5705B612F8A06600BB5E8D /* MPOAuthAPIRequestLoader.m in Sources */,
				7D5705B712F8A06600BB5E8D /* MPOAuthAuthenticationMethod.m in Sources */,
				7D5705B812F8A06600BB5E8D /* MPOAuthAuthenticationMethodOAuth.m in Sources */,
				7D5705B912F8A06600BB5E8D /* MPOAuthConnection.m in Sources */,
				7D5705BA12F8A06600BB5E8D /* MPOAuthCredentiaIConcreteStore+KeychainAdditionsMac.m in Sources */,
				7D5705BB12F8A06600BB5E8D /* MPOAuthCredentialConcreteStore+KeychainAdditionsiPhone.m in Sources */,
				7D5705BC12F8A06600BB5E8D /* MPOAuthCredentialConcreteStore.m in Sources */,
				7D5705BD12F8A06600BB5E8D /* MPOAuthSignatureParameter.m in Sources */,
				7D5705BE12F8A06600BB5E8D /* MPOAuthURLRequest.m in Sources */,
				7D5705BF12F8A06600BB5E8D /* MPOAuthURLResponse.m in Sources */,
				7D5705C012F8A06600BB5E8D /* MPURLRequestParameter.m in Sources */,
				7D5705C112F8A06600BB5E8D /* NSString+URLEscapingAdditions.m in Sources */,
				7D5705C212F8A06600BB5E8D /* NSURL+MPURLParameterAdditions.m in Sources */,
				7D5705C312F8A06600BB5E8D /* NSURLResponse+Encoding.m in Sources */,
				7D5705C412F8A06600BB5E8D /* NSString+Dropbox.m in Sources */,
				59216BFF13E7804700FF07EE /* TaskEditViewController.m in Sources */,
				59216C7513E8C89200FF07EE /* Util.m in Sources */,
				59216D3E13EA318100FF07EE /* RelativeDate.m in Sources */,
				8858D0BA13EA89C50083FA44 /* Priority.m in Sources */,
				8858D0BB13EA89C50083FA44 /* Task.m in Sources */,
				883E430113EB8395002FEBCC /* LocalFileTaskRepository.m in Sources */,
				8831984313EBB55800EC5BC3 /* TaskIo.m in Sources */,
				8831984713EBBD1200EC5BC3 /* DDFileReader.m in Sources */,
				8831984A13EBC59E00EC5BC3 /* TaskBagFactory.m in Sources */,
				8831984D13EBC62D00EC5BC3 /* TaskBagImpl.m in Sources */,
				882B3E5513ECCB240085C888 /* AsyncTask.m in Sources */,
				882B3E6113EE3E360085C888 /* TaskViewController.m in Sources */,
				882B3E8513EF46750085C888 /* ContextParser.m in Sources */,
				882B3E8813EF46E90085C888 /* TextSplitter.m in Sources */,
				882B3E8B13EF47620085C888 /* PriorityTextSplitter.m in Sources */,
				882B3E8E13EF47B80085C888 /* ProjectParser.m in Sources */,
			);
			runOnlyForDeploymentPostprocessing = 0;
		};
/* End PBXSourcesBuildPhase section */

/* Begin XCBuildConfiguration section */
		1D6058940D05DD3E006BFB54 /* Debug */ = {
			isa = XCBuildConfiguration;
			buildSettings = {
				ALWAYS_SEARCH_USER_PATHS = NO;
				ARCHS = "$(ARCHS_STANDARD_32_BIT)";
				COPY_PHASE_STRIP = NO;
				GCC_DYNAMIC_NO_PIC = NO;
				GCC_OPTIMIZATION_LEVEL = 0;
				GCC_PRECOMPILE_PREFIX_HEADER = YES;
				GCC_PREFIX_HEADER = todo_txt_touch_ios_Prefix.pch;
				INFOPLIST_FILE = "todo_txt_touch_ios-Info.plist";
				PRODUCT_NAME = "Todo.txt Touch";
				SDKROOT = iphoneos;
				TARGETED_DEVICE_FAMILY = "1,2";
			};
			name = Debug;
		};
		1D6058950D05DD3E006BFB54 /* Release */ = {
			isa = XCBuildConfiguration;
			buildSettings = {
				ALWAYS_SEARCH_USER_PATHS = NO;
				ARCHS = "$(ARCHS_STANDARD_32_BIT)";
				COPY_PHASE_STRIP = YES;
				GCC_PRECOMPILE_PREFIX_HEADER = YES;
				GCC_PREFIX_HEADER = todo_txt_touch_ios_Prefix.pch;
				INFOPLIST_FILE = "todo_txt_touch_ios-Info.plist";
				PRODUCT_NAME = "Todo.txt Touch";
				SDKROOT = iphoneos;
				TARGETED_DEVICE_FAMILY = "1,2";
				VALIDATE_PRODUCT = YES;
			};
			name = Release;
		};
		C01FCF4F08A954540054247B /* Debug */ = {
			isa = XCBuildConfiguration;
			buildSettings = {
				ARCHS = "$(ARCHS_STANDARD_32_BIT)";
				"CODE_SIGN_IDENTITY[sdk=iphoneos*]" = "iPhone Developer";
				GCC_C_LANGUAGE_STANDARD = c99;
				GCC_WARN_ABOUT_RETURN_TYPE = YES;
				GCC_WARN_UNUSED_VARIABLE = YES;
				PREBINDING = NO;
				PRODUCT_NAME = "Todo.txt Touch";
				SDKROOT = iphoneos;
			};
			name = Debug;
		};
		C01FCF5008A954540054247B /* Release */ = {
			isa = XCBuildConfiguration;
			buildSettings = {
				ARCHS = "$(ARCHS_STANDARD_32_BIT)";
				"CODE_SIGN_IDENTITY[sdk=iphoneos*]" = "iPhone Developer";
				GCC_C_LANGUAGE_STANDARD = c99;
				GCC_WARN_ABOUT_RETURN_TYPE = YES;
				GCC_WARN_UNUSED_VARIABLE = YES;
				OTHER_CFLAGS = "-DNS_BLOCK_ASSERTIONS=1";
				PREBINDING = NO;
				PRODUCT_NAME = "Todo.txt Touch";
				SDKROOT = iphoneos;
			};
			name = Release;
		};
/* End XCBuildConfiguration section */

/* Begin XCConfigurationList section */
		1D6058960D05DD3E006BFB54 /* Build configuration list for PBXNativeTarget "Todo.txt Touch" */ = {
			isa = XCConfigurationList;
			buildConfigurations = (
				1D6058940D05DD3E006BFB54 /* Debug */,
				1D6058950D05DD3E006BFB54 /* Release */,
			);
			defaultConfigurationIsVisible = 0;
			defaultConfigurationName = Release;
		};
		C01FCF4E08A954540054247B /* Build configuration list for PBXProject "todo.txt-touch-ios" */ = {
			isa = XCConfigurationList;
			buildConfigurations = (
				C01FCF4F08A954540054247B /* Debug */,
				C01FCF5008A954540054247B /* Release */,
			);
			defaultConfigurationIsVisible = 0;
			defaultConfigurationName = Release;
		};
/* End XCConfigurationList section */
	};
	rootObject = 29B97313FDCFA39411CA2CEA /* Project object */;
}
