// !$*UTF8*$!
{
	archiveVersion = 1;
	classes = {
	};
	objectVersion = 46;
	objects = {

/* Begin PBXBuildFile section */
		1D3623260D0F684500981E51 /* todo_txt_touch_iosAppDelegate.m in Sources */ = {isa = PBXBuildFile; fileRef = 1D3623250D0F684500981E51 /* todo_txt_touch_iosAppDelegate.m */; };
		1D60589B0D05DD56006BFB54 /* main.m in Sources */ = {isa = PBXBuildFile; fileRef = 29B97316FDCFA39411CA2CEA /* main.m */; };
		1D60589F0D05DD5A006BFB54 /* Foundation.framework in Frameworks */ = {isa = PBXBuildFile; fileRef = 1D30AB110D05D00D00671497 /* Foundation.framework */; };
		1DF5F4E00D08C38300B7A737 /* UIKit.framework in Frameworks */ = {isa = PBXBuildFile; fileRef = 1DF5F4DF0D08C38300B7A737 /* UIKit.framework */; };
		288765A50DF7441C002DB57D /* CoreGraphics.framework in Frameworks */ = {isa = PBXBuildFile; fileRef = 288765A40DF7441C002DB57D /* CoreGraphics.framework */; };
		2899E5220DE3E06400AC0155 /* todo_txt_touch_iosViewController.xib in Resources */ = {isa = PBXBuildFile; fileRef = 2899E5210DE3E06400AC0155 /* todo_txt_touch_iosViewController.xib */; };
		28AD733F0D9D9553002E5188 /* MainWindow.xib in Resources */ = {isa = PBXBuildFile; fileRef = 28AD733E0D9D9553002E5188 /* MainWindow.xib */; };
		28D7ACF80DDB3853001CB0EB /* todo_txt_touch_iosViewController.m in Sources */ = {isa = PBXBuildFile; fileRef = 28D7ACF70DDB3853001CB0EB /* todo_txt_touch_iosViewController.m */; };
		33CF5E0A144410B90050F60D /* Entitlements.entitlements in Resources */ = {isa = PBXBuildFile; fileRef = 33CF5E09144410B90050F60D /* Entitlements.entitlements */; };
		5910DBBB14215A4700BB2D68 /* IASKAppSettingsViewController.m in Sources */ = {isa = PBXBuildFile; fileRef = 5910DB9514215A4600BB2D68 /* IASKAppSettingsViewController.m */; };
		5910DBBC14215A4700BB2D68 /* IASKAppSettingsWebViewController.m in Sources */ = {isa = PBXBuildFile; fileRef = 5910DB9714215A4600BB2D68 /* IASKAppSettingsWebViewController.m */; };
		5910DBBD14215A4700BB2D68 /* IASKSpecifierValuesViewController.m in Sources */ = {isa = PBXBuildFile; fileRef = 5910DB9914215A4600BB2D68 /* IASKSpecifierValuesViewController.m */; };
		5910DBBE14215A4700BB2D68 /* IASKSettingsReader.m in Sources */ = {isa = PBXBuildFile; fileRef = 5910DB9C14215A4600BB2D68 /* IASKSettingsReader.m */; };
		5910DBBF14215A4700BB2D68 /* IASKSettingsStore.m in Sources */ = {isa = PBXBuildFile; fileRef = 5910DB9E14215A4600BB2D68 /* IASKSettingsStore.m */; };
		5910DBC014215A4700BB2D68 /* IASKSettingsStoreFile.m in Sources */ = {isa = PBXBuildFile; fileRef = 5910DBA014215A4600BB2D68 /* IASKSettingsStoreFile.m */; };
		5910DBC114215A4700BB2D68 /* IASKSettingsStoreUserDefaults.m in Sources */ = {isa = PBXBuildFile; fileRef = 5910DBA214215A4600BB2D68 /* IASKSettingsStoreUserDefaults.m */; };
		5910DBC214215A4700BB2D68 /* IASKSpecifier.m in Sources */ = {isa = PBXBuildFile; fileRef = 5910DBA414215A4600BB2D68 /* IASKSpecifier.m */; };
		5910DBC314215A4700BB2D68 /* IASKPSSliderSpecifierViewCell.m in Sources */ = {isa = PBXBuildFile; fileRef = 5910DBA714215A4600BB2D68 /* IASKPSSliderSpecifierViewCell.m */; };
		5910DBC414215A4700BB2D68 /* IASKPSTextFieldSpecifierViewCell.m in Sources */ = {isa = PBXBuildFile; fileRef = 5910DBA914215A4600BB2D68 /* IASKPSTextFieldSpecifierViewCell.m */; };
		5910DBC514215A4700BB2D68 /* IASKPSTitleValueSpecifierViewCell.m in Sources */ = {isa = PBXBuildFile; fileRef = 5910DBAB14215A4600BB2D68 /* IASKPSTitleValueSpecifierViewCell.m */; };
		5910DBC614215A4700BB2D68 /* IASKPSToggleSwitchSpecifierViewCell.m in Sources */ = {isa = PBXBuildFile; fileRef = 5910DBAD14215A4600BB2D68 /* IASKPSToggleSwitchSpecifierViewCell.m */; };
		5910DBC714215A4700BB2D68 /* IASKSlider.m in Sources */ = {isa = PBXBuildFile; fileRef = 5910DBAF14215A4600BB2D68 /* IASKSlider.m */; };
		5910DBC814215A4700BB2D68 /* IASKSwitch.m in Sources */ = {isa = PBXBuildFile; fileRef = 5910DBB114215A4600BB2D68 /* IASKSwitch.m */; };
		5910DBC914215A4700BB2D68 /* IASKTextField.m in Sources */ = {isa = PBXBuildFile; fileRef = 5910DBB314215A4600BB2D68 /* IASKTextField.m */; };
		5910DBCA14215A4700BB2D68 /* IASKAppSettingsView.xib in Resources */ = {isa = PBXBuildFile; fileRef = 5910DBB514215A4600BB2D68 /* IASKAppSettingsView.xib */; };
		5910DBCB14215A4700BB2D68 /* IASKAppSettingsWebView.xib in Resources */ = {isa = PBXBuildFile; fileRef = 5910DBB614215A4600BB2D68 /* IASKAppSettingsWebView.xib */; };
		5910DBCC14215A4700BB2D68 /* IASKPSSliderSpecifierViewCell.xib in Resources */ = {isa = PBXBuildFile; fileRef = 5910DBB714215A4600BB2D68 /* IASKPSSliderSpecifierViewCell.xib */; };
		5910DBCD14215A4700BB2D68 /* IASKPSTextFieldSpecifierViewCell.xib in Resources */ = {isa = PBXBuildFile; fileRef = 5910DBB814215A4600BB2D68 /* IASKPSTextFieldSpecifierViewCell.xib */; };
		5910DBCE14215A4700BB2D68 /* IASKPSToggleSwitchSpecifierViewCell.xib in Resources */ = {isa = PBXBuildFile; fileRef = 5910DBB914215A4600BB2D68 /* IASKPSToggleSwitchSpecifierViewCell.xib */; };
		5910DBCF14215A4700BB2D68 /* IASKSpecifierValuesView.xib in Resources */ = {isa = PBXBuildFile; fileRef = 5910DBBA14215A4600BB2D68 /* IASKSpecifierValuesView.xib */; };
		5910DBD114216A2300BB2D68 /* MessageUI.framework in Frameworks */ = {isa = PBXBuildFile; fileRef = 5910DBD014216A2300BB2D68 /* MessageUI.framework */; };
		5910DBD71424014800BB2D68 /* InAppSettings.bundle in Resources */ = {isa = PBXBuildFile; fileRef = 5910DBD61424014800BB2D68 /* InAppSettings.bundle */; };
		5910DBD9142406BD00BB2D68 /* 19-gear.png in Resources */ = {isa = PBXBuildFile; fileRef = 5910DBD8142406BD00BB2D68 /* 19-gear.png */; };
		5910DBDB1424078D00BB2D68 /* 19-gear@2x.png in Resources */ = {isa = PBXBuildFile; fileRef = 5910DBDA1424078D00BB2D68 /* 19-gear@2x.png */; };
		59216BFF13E7804700FF07EE /* TaskEditViewController.m in Sources */ = {isa = PBXBuildFile; fileRef = 59216BFD13E7804700FF07EE /* TaskEditViewController.m */; };
		59216C7513E8C89200FF07EE /* Util.m in Sources */ = {isa = PBXBuildFile; fileRef = 59216C7413E8C89200FF07EE /* Util.m */; };
		59216D3E13EA318100FF07EE /* RelativeDate.m in Sources */ = {isa = PBXBuildFile; fileRef = 59216D3D13EA318100FF07EE /* RelativeDate.m */; };
		7D57054712F89F1900BB5E8D /* Icon-72.png in Resources */ = {isa = PBXBuildFile; fileRef = 7D57054312F89F1900BB5E8D /* Icon-72.png */; };
		7D57054812F89F1900BB5E8D /* Icon-Small-50.png in Resources */ = {isa = PBXBuildFile; fileRef = 7D57054412F89F1900BB5E8D /* Icon-Small-50.png */; };
		7D57054912F89F1900BB5E8D /* Icon-Small.png in Resources */ = {isa = PBXBuildFile; fileRef = 7D57054512F89F1900BB5E8D /* Icon-Small.png */; };
		7D57054A12F89F1900BB5E8D /* Icon.png in Resources */ = {isa = PBXBuildFile; fileRef = 7D57054612F89F1900BB5E8D /* Icon.png */; };
		7D5705D212F8A07E00BB5E8D /* Security.framework in Frameworks */ = {isa = PBXBuildFile; fileRef = 7D5705D112F8A07E00BB5E8D /* Security.framework */; };
		7DC696171441442D00C2CB70 /* libTestFlight.a in Frameworks */ = {isa = PBXBuildFile; fileRef = 7DC696151441442D00C2CB70 /* libTestFlight.a */; };
		7DD54F3C1443CCAC00C130DC /* MainWindow-iPad.xib in Resources */ = {isa = PBXBuildFile; fileRef = 7DD54F3B1443CCAC00C130DC /* MainWindow-iPad.xib */; };
		7DD54F3E1443CD1C00C130DC /* Default-Portrait~ipad.png in Resources */ = {isa = PBXBuildFile; fileRef = 7DD54F3D1443CD1C00C130DC /* Default-Portrait~ipad.png */; };
		7DD54F421443CD5400C130DC /* iPadLoginScreenViewController.m in Sources */ = {isa = PBXBuildFile; fileRef = 7DD54F401443CD5400C130DC /* iPadLoginScreenViewController.m */; };
		7DD54F431443CD5400C130DC /* iPadLoginScreenViewController.xib in Resources */ = {isa = PBXBuildFile; fileRef = 7DD54F411443CD5400C130DC /* iPadLoginScreenViewController.xib */; };
		8817330813F0F23D00B6B9F9 /* TaskTableCell.xib in Resources */ = {isa = PBXBuildFile; fileRef = 8817330713F0F23D00B6B9F9 /* TaskTableCell.xib */; };
		8817330C13F10A9800B6B9F9 /* Color.m in Sources */ = {isa = PBXBuildFile; fileRef = 8817330B13F10A9800B6B9F9 /* Color.m */; };
		881CA83513FCCC9800AEAD20 /* TaskEditAccessoryView.xib in Resources */ = {isa = PBXBuildFile; fileRef = 881CA83413FCCC9800AEAD20 /* TaskEditAccessoryView.xib */; };
		8826123813F24A7800B21E91 /* TaskDetailCell.xib in Resources */ = {isa = PBXBuildFile; fileRef = 8826123713F24A7800B21E91 /* TaskDetailCell.xib */; };
		882B3E5513ECCB240085C888 /* AsyncTask.m in Sources */ = {isa = PBXBuildFile; fileRef = 882B3E5413ECCB240085C888 /* AsyncTask.m */; };
		882B3E6113EE3E360085C888 /* TaskViewController.m in Sources */ = {isa = PBXBuildFile; fileRef = 882B3E5F13EE3E350085C888 /* TaskViewController.m */; };
		882B3E8513EF46750085C888 /* ContextParser.m in Sources */ = {isa = PBXBuildFile; fileRef = 882B3E8413EF46740085C888 /* ContextParser.m */; };
		882B3E8813EF46E90085C888 /* TextSplitter.m in Sources */ = {isa = PBXBuildFile; fileRef = 882B3E8713EF46E80085C888 /* TextSplitter.m */; };
		882B3E8B13EF47620085C888 /* PriorityTextSplitter.m in Sources */ = {isa = PBXBuildFile; fileRef = 882B3E8A13EF47610085C888 /* PriorityTextSplitter.m */; };
		882B3E8E13EF47B80085C888 /* ProjectParser.m in Sources */ = {isa = PBXBuildFile; fileRef = 882B3E8D13EF47B70085C888 /* ProjectParser.m */; };
		882B3E9013EF47F40085C888 /* TaskEditViewController.xib in Resources */ = {isa = PBXBuildFile; fileRef = 882B3E8F13EF47F40085C888 /* TaskEditViewController.xib */; };
		8831984313EBB55800EC5BC3 /* TaskIo.m in Sources */ = {isa = PBXBuildFile; fileRef = 8831984213EBB55800EC5BC3 /* TaskIo.m */; };
		8831984713EBBD1200EC5BC3 /* DDFileReader.m in Sources */ = {isa = PBXBuildFile; fileRef = 8831984613EBBD1200EC5BC3 /* DDFileReader.m */; };
		8831984A13EBC59E00EC5BC3 /* TaskBagFactory.m in Sources */ = {isa = PBXBuildFile; fileRef = 8831984913EBC59E00EC5BC3 /* TaskBagFactory.m */; };
		8831984D13EBC62D00EC5BC3 /* TaskBagImpl.m in Sources */ = {isa = PBXBuildFile; fileRef = 8831984C13EBC62C00EC5BC3 /* TaskBagImpl.m */; };
		883E430113EB8395002FEBCC /* LocalFileTaskRepository.m in Sources */ = {isa = PBXBuildFile; fileRef = 883E430013EB8395002FEBCC /* LocalFileTaskRepository.m */; };
		8858D0BA13EA89C50083FA44 /* Priority.m in Sources */ = {isa = PBXBuildFile; fileRef = 8858D0B713EA89C50083FA44 /* Priority.m */; };
		8858D0BB13EA89C50083FA44 /* Task.m in Sources */ = {isa = PBXBuildFile; fileRef = 8858D0B913EA89C50083FA44 /* Task.m */; };
		888065951401898E0036DE2A /* RemoteClientManager.m in Sources */ = {isa = PBXBuildFile; fileRef = 888065941401898E0036DE2A /* RemoteClientManager.m */; };
		88806599140191A30036DE2A /* DropboxRemoteClient.m in Sources */ = {isa = PBXBuildFile; fileRef = 88806598140191A30036DE2A /* DropboxRemoteClient.m */; };
		888065AE14019D3C0036DE2A /* CFNetwork.framework in Frameworks */ = {isa = PBXBuildFile; fileRef = 888065AD14019D3C0036DE2A /* CFNetwork.framework */; };
		888065B11401A3D10036DE2A /* Reachability.m in Sources */ = {isa = PBXBuildFile; fileRef = 888065B01401A3D10036DE2A /* Reachability.m */; };
		888065B71401A51C0036DE2A /* Network.m in Sources */ = {isa = PBXBuildFile; fileRef = 888065B61401A51C0036DE2A /* Network.m */; };
		888065B91401AF7D0036DE2A /* SystemConfiguration.framework in Frameworks */ = {isa = PBXBuildFile; fileRef = 888065B81401AF7D0036DE2A /* SystemConfiguration.framework */; };
		88866D3113F794320073944B /* Sort.m in Sources */ = {isa = PBXBuildFile; fileRef = 88866D3013F794320073944B /* Sort.m */; };
		8887496D13F3715400871E49 /* ActionSheetPicker.m in Sources */ = {isa = PBXBuildFile; fileRef = 8887496C13F3715400871E49 /* ActionSheetPicker.m */; };
		88A91724146614920075B886 /* DropboxSDK.framework in Frameworks */ = {isa = PBXBuildFile; fileRef = 88A91723146614920075B886 /* DropboxSDK.framework */; };
		88AAFC631419CB960062BBF6 /* Icon@2x.png in Resources */ = {isa = PBXBuildFile; fileRef = 88AAFC621419CB960062BBF6 /* Icon@2x.png */; };
		88F1AB2A1412D5F100AB3D18 /* LoginScreenViewController.m in Sources */ = {isa = PBXBuildFile; fileRef = 88F1AB281412D5F100AB3D18 /* LoginScreenViewController.m */; };
		88F1AB2B1412D5F100AB3D18 /* LoginScreenViewController.xib in Resources */ = {isa = PBXBuildFile; fileRef = 88F1AB291412D5F100AB3D18 /* LoginScreenViewController.xib */; };
		88F1AB2E1412E20D00AB3D18 /* todotxt_touch_256.png in Resources */ = {isa = PBXBuildFile; fileRef = 88F1AB2D1412E20D00AB3D18 /* todotxt_touch_256.png */; };
		88F1AB391412EA1700AB3D18 /* Default.png in Resources */ = {isa = PBXBuildFile; fileRef = 88F1AB371412EA1700AB3D18 /* Default.png */; };
		88F1AB3A1412EA1700AB3D18 /* Default@2x.png in Resources */ = {isa = PBXBuildFile; fileRef = 88F1AB381412EA1700AB3D18 /* Default@2x.png */; };
		DEA1880214579780007452B4 /* MBProgressHUD.m in Sources */ = {isa = PBXBuildFile; fileRef = DEA1880014579780007452B4 /* MBProgressHUD.m */; };
		F4595BE61453DC48000FB9F6 /* NSMutableAttributedString+TodoTxt.m in Sources */ = {isa = PBXBuildFile; fileRef = F4595BE51453DC48000FB9F6 /* NSMutableAttributedString+TodoTxt.m */; };
		F45C4F8D1453624D00E92C6D /* AttributedLabel.m in Sources */ = {isa = PBXBuildFile; fileRef = F45C4F8C1453624D00E92C6D /* AttributedLabel.m */; };
		F45C4F90145363F300E92C6D /* CoreText.framework in Frameworks */ = {isa = PBXBuildFile; fileRef = F45C4F8F145363F300E92C6D /* CoreText.framework */; };
		F4F5795714478D8400309ECA /* FlexiTaskCell.m in Sources */ = {isa = PBXBuildFile; fileRef = F4F5795614478D8400309ECA /* FlexiTaskCell.m */; };
/* End PBXBuildFile section */

/* Begin PBXFileReference section */
		1D30AB110D05D00D00671497 /* Foundation.framework */ = {isa = PBXFileReference; lastKnownFileType = wrapper.framework; name = Foundation.framework; path = System/Library/Frameworks/Foundation.framework; sourceTree = SDKROOT; };
		1D3623240D0F684500981E51 /* todo_txt_touch_iosAppDelegate.h */ = {isa = PBXFileReference; fileEncoding = 4; lastKnownFileType = sourcecode.c.h; path = todo_txt_touch_iosAppDelegate.h; sourceTree = "<group>"; };
		1D3623250D0F684500981E51 /* todo_txt_touch_iosAppDelegate.m */ = {isa = PBXFileReference; fileEncoding = 4; lastKnownFileType = sourcecode.c.objc; path = todo_txt_touch_iosAppDelegate.m; sourceTree = "<group>"; };
		1D6058910D05DD3D006BFB54 /* Todo.txt Touch.app */ = {isa = PBXFileReference; explicitFileType = wrapper.application; includeInIndex = 0; path = "Todo.txt Touch.app"; sourceTree = BUILT_PRODUCTS_DIR; };
		1DF5F4DF0D08C38300B7A737 /* UIKit.framework */ = {isa = PBXFileReference; lastKnownFileType = wrapper.framework; name = UIKit.framework; path = System/Library/Frameworks/UIKit.framework; sourceTree = SDKROOT; };
		288765A40DF7441C002DB57D /* CoreGraphics.framework */ = {isa = PBXFileReference; lastKnownFileType = wrapper.framework; name = CoreGraphics.framework; path = System/Library/Frameworks/CoreGraphics.framework; sourceTree = SDKROOT; };
		2899E5210DE3E06400AC0155 /* todo_txt_touch_iosViewController.xib */ = {isa = PBXFileReference; lastKnownFileType = file.xib; path = todo_txt_touch_iosViewController.xib; sourceTree = "<group>"; };
		28AD733E0D9D9553002E5188 /* MainWindow.xib */ = {isa = PBXFileReference; lastKnownFileType = file.xib; path = MainWindow.xib; sourceTree = "<group>"; };
		28D7ACF60DDB3853001CB0EB /* todo_txt_touch_iosViewController.h */ = {isa = PBXFileReference; fileEncoding = 4; lastKnownFileType = sourcecode.c.h; path = todo_txt_touch_iosViewController.h; sourceTree = "<group>"; };
		28D7ACF70DDB3853001CB0EB /* todo_txt_touch_iosViewController.m */ = {isa = PBXFileReference; fileEncoding = 4; lastKnownFileType = sourcecode.c.objc; path = todo_txt_touch_iosViewController.m; sourceTree = "<group>"; };
		29B97316FDCFA39411CA2CEA /* main.m */ = {isa = PBXFileReference; fileEncoding = 4; lastKnownFileType = sourcecode.c.objc; path = main.m; sourceTree = "<group>"; };
		32CA4F630368D1EE00C91783 /* todo_txt_touch_ios_Prefix.pch */ = {isa = PBXFileReference; fileEncoding = 4; lastKnownFileType = sourcecode.c.h; path = todo_txt_touch_ios_Prefix.pch; sourceTree = "<group>"; };
		33CF5E09144410B90050F60D /* Entitlements.entitlements */ = {isa = PBXFileReference; fileEncoding = 4; lastKnownFileType = text.xml; path = Entitlements.entitlements; sourceTree = "<group>"; };
		5910DB9414215A4600BB2D68 /* IASKAppSettingsViewController.h */ = {isa = PBXFileReference; fileEncoding = 4; lastKnownFileType = sourcecode.c.h; path = IASKAppSettingsViewController.h; sourceTree = "<group>"; };
		5910DB9514215A4600BB2D68 /* IASKAppSettingsViewController.m */ = {isa = PBXFileReference; fileEncoding = 4; lastKnownFileType = sourcecode.c.objc; path = IASKAppSettingsViewController.m; sourceTree = "<group>"; };
		5910DB9614215A4600BB2D68 /* IASKAppSettingsWebViewController.h */ = {isa = PBXFileReference; fileEncoding = 4; lastKnownFileType = sourcecode.c.h; path = IASKAppSettingsWebViewController.h; sourceTree = "<group>"; };
		5910DB9714215A4600BB2D68 /* IASKAppSettingsWebViewController.m */ = {isa = PBXFileReference; fileEncoding = 4; lastKnownFileType = sourcecode.c.objc; path = IASKAppSettingsWebViewController.m; sourceTree = "<group>"; };
		5910DB9814215A4600BB2D68 /* IASKSpecifierValuesViewController.h */ = {isa = PBXFileReference; fileEncoding = 4; lastKnownFileType = sourcecode.c.h; path = IASKSpecifierValuesViewController.h; sourceTree = "<group>"; };
		5910DB9914215A4600BB2D68 /* IASKSpecifierValuesViewController.m */ = {isa = PBXFileReference; fileEncoding = 4; lastKnownFileType = sourcecode.c.objc; path = IASKSpecifierValuesViewController.m; sourceTree = "<group>"; };
		5910DB9B14215A4600BB2D68 /* IASKSettingsReader.h */ = {isa = PBXFileReference; fileEncoding = 4; lastKnownFileType = sourcecode.c.h; path = IASKSettingsReader.h; sourceTree = "<group>"; };
		5910DB9C14215A4600BB2D68 /* IASKSettingsReader.m */ = {isa = PBXFileReference; fileEncoding = 4; lastKnownFileType = sourcecode.c.objc; path = IASKSettingsReader.m; sourceTree = "<group>"; };
		5910DB9D14215A4600BB2D68 /* IASKSettingsStore.h */ = {isa = PBXFileReference; fileEncoding = 4; lastKnownFileType = sourcecode.c.h; path = IASKSettingsStore.h; sourceTree = "<group>"; };
		5910DB9E14215A4600BB2D68 /* IASKSettingsStore.m */ = {isa = PBXFileReference; fileEncoding = 4; lastKnownFileType = sourcecode.c.objc; path = IASKSettingsStore.m; sourceTree = "<group>"; };
		5910DB9F14215A4600BB2D68 /* IASKSettingsStoreFile.h */ = {isa = PBXFileReference; fileEncoding = 4; lastKnownFileType = sourcecode.c.h; path = IASKSettingsStoreFile.h; sourceTree = "<group>"; };
		5910DBA014215A4600BB2D68 /* IASKSettingsStoreFile.m */ = {isa = PBXFileReference; fileEncoding = 4; lastKnownFileType = sourcecode.c.objc; path = IASKSettingsStoreFile.m; sourceTree = "<group>"; };
		5910DBA114215A4600BB2D68 /* IASKSettingsStoreUserDefaults.h */ = {isa = PBXFileReference; fileEncoding = 4; lastKnownFileType = sourcecode.c.h; path = IASKSettingsStoreUserDefaults.h; sourceTree = "<group>"; };
		5910DBA214215A4600BB2D68 /* IASKSettingsStoreUserDefaults.m */ = {isa = PBXFileReference; fileEncoding = 4; lastKnownFileType = sourcecode.c.objc; path = IASKSettingsStoreUserDefaults.m; sourceTree = "<group>"; };
		5910DBA314215A4600BB2D68 /* IASKSpecifier.h */ = {isa = PBXFileReference; fileEncoding = 4; lastKnownFileType = sourcecode.c.h; path = IASKSpecifier.h; sourceTree = "<group>"; };
		5910DBA414215A4600BB2D68 /* IASKSpecifier.m */ = {isa = PBXFileReference; fileEncoding = 4; lastKnownFileType = sourcecode.c.objc; path = IASKSpecifier.m; sourceTree = "<group>"; };
		5910DBA614215A4600BB2D68 /* IASKPSSliderSpecifierViewCell.h */ = {isa = PBXFileReference; fileEncoding = 4; lastKnownFileType = sourcecode.c.h; path = IASKPSSliderSpecifierViewCell.h; sourceTree = "<group>"; };
		5910DBA714215A4600BB2D68 /* IASKPSSliderSpecifierViewCell.m */ = {isa = PBXFileReference; fileEncoding = 4; lastKnownFileType = sourcecode.c.objc; path = IASKPSSliderSpecifierViewCell.m; sourceTree = "<group>"; };
		5910DBA814215A4600BB2D68 /* IASKPSTextFieldSpecifierViewCell.h */ = {isa = PBXFileReference; fileEncoding = 4; lastKnownFileType = sourcecode.c.h; path = IASKPSTextFieldSpecifierViewCell.h; sourceTree = "<group>"; };
		5910DBA914215A4600BB2D68 /* IASKPSTextFieldSpecifierViewCell.m */ = {isa = PBXFileReference; fileEncoding = 4; lastKnownFileType = sourcecode.c.objc; path = IASKPSTextFieldSpecifierViewCell.m; sourceTree = "<group>"; };
		5910DBAA14215A4600BB2D68 /* IASKPSTitleValueSpecifierViewCell.h */ = {isa = PBXFileReference; fileEncoding = 4; lastKnownFileType = sourcecode.c.h; path = IASKPSTitleValueSpecifierViewCell.h; sourceTree = "<group>"; };
		5910DBAB14215A4600BB2D68 /* IASKPSTitleValueSpecifierViewCell.m */ = {isa = PBXFileReference; fileEncoding = 4; lastKnownFileType = sourcecode.c.objc; path = IASKPSTitleValueSpecifierViewCell.m; sourceTree = "<group>"; };
		5910DBAC14215A4600BB2D68 /* IASKPSToggleSwitchSpecifierViewCell.h */ = {isa = PBXFileReference; fileEncoding = 4; lastKnownFileType = sourcecode.c.h; path = IASKPSToggleSwitchSpecifierViewCell.h; sourceTree = "<group>"; };
		5910DBAD14215A4600BB2D68 /* IASKPSToggleSwitchSpecifierViewCell.m */ = {isa = PBXFileReference; fileEncoding = 4; lastKnownFileType = sourcecode.c.objc; path = IASKPSToggleSwitchSpecifierViewCell.m; sourceTree = "<group>"; };
		5910DBAE14215A4600BB2D68 /* IASKSlider.h */ = {isa = PBXFileReference; fileEncoding = 4; lastKnownFileType = sourcecode.c.h; path = IASKSlider.h; sourceTree = "<group>"; };
		5910DBAF14215A4600BB2D68 /* IASKSlider.m */ = {isa = PBXFileReference; fileEncoding = 4; lastKnownFileType = sourcecode.c.objc; path = IASKSlider.m; sourceTree = "<group>"; };
		5910DBB014215A4600BB2D68 /* IASKSwitch.h */ = {isa = PBXFileReference; fileEncoding = 4; lastKnownFileType = sourcecode.c.h; path = IASKSwitch.h; sourceTree = "<group>"; };
		5910DBB114215A4600BB2D68 /* IASKSwitch.m */ = {isa = PBXFileReference; fileEncoding = 4; lastKnownFileType = sourcecode.c.objc; path = IASKSwitch.m; sourceTree = "<group>"; };
		5910DBB214215A4600BB2D68 /* IASKTextField.h */ = {isa = PBXFileReference; fileEncoding = 4; lastKnownFileType = sourcecode.c.h; path = IASKTextField.h; sourceTree = "<group>"; };
		5910DBB314215A4600BB2D68 /* IASKTextField.m */ = {isa = PBXFileReference; fileEncoding = 4; lastKnownFileType = sourcecode.c.objc; path = IASKTextField.m; sourceTree = "<group>"; };
		5910DBB514215A4600BB2D68 /* IASKAppSettingsView.xib */ = {isa = PBXFileReference; fileEncoding = 4; lastKnownFileType = file.xib; path = IASKAppSettingsView.xib; sourceTree = "<group>"; };
		5910DBB614215A4600BB2D68 /* IASKAppSettingsWebView.xib */ = {isa = PBXFileReference; fileEncoding = 4; lastKnownFileType = file.xib; path = IASKAppSettingsWebView.xib; sourceTree = "<group>"; };
		5910DBB714215A4600BB2D68 /* IASKPSSliderSpecifierViewCell.xib */ = {isa = PBXFileReference; fileEncoding = 4; lastKnownFileType = file.xib; path = IASKPSSliderSpecifierViewCell.xib; sourceTree = "<group>"; };
		5910DBB814215A4600BB2D68 /* IASKPSTextFieldSpecifierViewCell.xib */ = {isa = PBXFileReference; fileEncoding = 4; lastKnownFileType = file.xib; path = IASKPSTextFieldSpecifierViewCell.xib; sourceTree = "<group>"; };
		5910DBB914215A4600BB2D68 /* IASKPSToggleSwitchSpecifierViewCell.xib */ = {isa = PBXFileReference; fileEncoding = 4; lastKnownFileType = file.xib; path = IASKPSToggleSwitchSpecifierViewCell.xib; sourceTree = "<group>"; };
		5910DBBA14215A4600BB2D68 /* IASKSpecifierValuesView.xib */ = {isa = PBXFileReference; fileEncoding = 4; lastKnownFileType = file.xib; path = IASKSpecifierValuesView.xib; sourceTree = "<group>"; };
		5910DBD014216A2300BB2D68 /* MessageUI.framework */ = {isa = PBXFileReference; lastKnownFileType = wrapper.framework; name = MessageUI.framework; path = System/Library/Frameworks/MessageUI.framework; sourceTree = SDKROOT; };
		5910DBD61424014800BB2D68 /* InAppSettings.bundle */ = {isa = PBXFileReference; lastKnownFileType = "wrapper.plug-in"; path = InAppSettings.bundle; sourceTree = "<group>"; };
		5910DBD8142406BD00BB2D68 /* 19-gear.png */ = {isa = PBXFileReference; lastKnownFileType = image.png; path = "19-gear.png"; sourceTree = "<group>"; };
		5910DBDA1424078D00BB2D68 /* 19-gear@2x.png */ = {isa = PBXFileReference; lastKnownFileType = image.png; path = "19-gear@2x.png"; sourceTree = "<group>"; };
		59216BFC13E7804700FF07EE /* TaskEditViewController.h */ = {isa = PBXFileReference; fileEncoding = 4; lastKnownFileType = sourcecode.c.h; path = TaskEditViewController.h; sourceTree = "<group>"; };
		59216BFD13E7804700FF07EE /* TaskEditViewController.m */ = {isa = PBXFileReference; fileEncoding = 4; lastKnownFileType = sourcecode.c.objc; path = TaskEditViewController.m; sourceTree = "<group>"; };
		59216C7313E8C89200FF07EE /* Util.h */ = {isa = PBXFileReference; fileEncoding = 4; lastKnownFileType = sourcecode.c.h; path = Util.h; sourceTree = "<group>"; };
		59216C7413E8C89200FF07EE /* Util.m */ = {isa = PBXFileReference; fileEncoding = 4; lastKnownFileType = sourcecode.c.objc; path = Util.m; sourceTree = "<group>"; };
		59216D3C13EA318100FF07EE /* RelativeDate.h */ = {isa = PBXFileReference; fileEncoding = 4; lastKnownFileType = sourcecode.c.h; path = RelativeDate.h; sourceTree = "<group>"; };
		59216D3D13EA318100FF07EE /* RelativeDate.m */ = {isa = PBXFileReference; fileEncoding = 4; lastKnownFileType = sourcecode.c.objc; path = RelativeDate.m; sourceTree = "<group>"; };
		7D57054312F89F1900BB5E8D /* Icon-72.png */ = {isa = PBXFileReference; lastKnownFileType = image.png; path = "Icon-72.png"; sourceTree = "<group>"; };
		7D57054412F89F1900BB5E8D /* Icon-Small-50.png */ = {isa = PBXFileReference; lastKnownFileType = image.png; path = "Icon-Small-50.png"; sourceTree = "<group>"; };
		7D57054512F89F1900BB5E8D /* Icon-Small.png */ = {isa = PBXFileReference; lastKnownFileType = image.png; path = "Icon-Small.png"; sourceTree = "<group>"; };
		7D57054612F89F1900BB5E8D /* Icon.png */ = {isa = PBXFileReference; lastKnownFileType = image.png; path = Icon.png; sourceTree = "<group>"; };
		7D5705D112F8A07E00BB5E8D /* Security.framework */ = {isa = PBXFileReference; lastKnownFileType = wrapper.framework; name = Security.framework; path = System/Library/Frameworks/Security.framework; sourceTree = SDKROOT; };
		7DC696151441442D00C2CB70 /* libTestFlight.a */ = {isa = PBXFileReference; lastKnownFileType = archive.ar; path = libTestFlight.a; sourceTree = "<group>"; };
		7DC696161441442D00C2CB70 /* TestFlight.h */ = {isa = PBXFileReference; fileEncoding = 4; lastKnownFileType = sourcecode.c.h; path = TestFlight.h; sourceTree = "<group>"; };
		7DD54F3B1443CCAC00C130DC /* MainWindow-iPad.xib */ = {isa = PBXFileReference; lastKnownFileType = file.xib; name = "MainWindow-iPad.xib"; path = "iPad/MainWindow-iPad.xib"; sourceTree = "<group>"; };
		7DD54F3D1443CD1C00C130DC /* Default-Portrait~ipad.png */ = {isa = PBXFileReference; lastKnownFileType = image.png; path = "Default-Portrait~ipad.png"; sourceTree = "<group>"; };
		7DD54F3F1443CD5400C130DC /* iPadLoginScreenViewController.h */ = {isa = PBXFileReference; fileEncoding = 4; lastKnownFileType = sourcecode.c.h; path = iPadLoginScreenViewController.h; sourceTree = "<group>"; };
		7DD54F401443CD5400C130DC /* iPadLoginScreenViewController.m */ = {isa = PBXFileReference; fileEncoding = 4; lastKnownFileType = sourcecode.c.objc; path = iPadLoginScreenViewController.m; sourceTree = "<group>"; };
		7DD54F411443CD5400C130DC /* iPadLoginScreenViewController.xib */ = {isa = PBXFileReference; fileEncoding = 4; lastKnownFileType = file.xib; name = iPadLoginScreenViewController.xib; path = Classes/iPadLoginScreenViewController.xib; sourceTree = "<group>"; };
		8817330713F0F23D00B6B9F9 /* TaskTableCell.xib */ = {isa = PBXFileReference; fileEncoding = 4; lastKnownFileType = file.xib; path = TaskTableCell.xib; sourceTree = SOURCE_ROOT; };
		8817330A13F10A9800B6B9F9 /* Color.h */ = {isa = PBXFileReference; fileEncoding = 4; lastKnownFileType = sourcecode.c.h; path = Color.h; sourceTree = "<group>"; };
		8817330B13F10A9800B6B9F9 /* Color.m */ = {isa = PBXFileReference; fileEncoding = 4; lastKnownFileType = sourcecode.c.objc; path = Color.m; sourceTree = "<group>"; };
		881CA83413FCCC9800AEAD20 /* TaskEditAccessoryView.xib */ = {isa = PBXFileReference; fileEncoding = 4; lastKnownFileType = file.xib; path = TaskEditAccessoryView.xib; sourceTree = "<group>"; };
		881CA8401400834700AEAD20 /* RemoteClient.h */ = {isa = PBXFileReference; fileEncoding = 4; lastKnownFileType = sourcecode.c.h; path = RemoteClient.h; sourceTree = "<group>"; };
		8826123713F24A7800B21E91 /* TaskDetailCell.xib */ = {isa = PBXFileReference; fileEncoding = 4; lastKnownFileType = file.xib; path = TaskDetailCell.xib; sourceTree = "<group>"; };
		882B3E5313ECCB240085C888 /* AsyncTask.h */ = {isa = PBXFileReference; fileEncoding = 4; lastKnownFileType = sourcecode.c.h; path = AsyncTask.h; sourceTree = "<group>"; };
		882B3E5413ECCB240085C888 /* AsyncTask.m */ = {isa = PBXFileReference; fileEncoding = 4; lastKnownFileType = sourcecode.c.objc; path = AsyncTask.m; sourceTree = "<group>"; };
		882B3E5E13EE3E340085C888 /* TaskViewController.h */ = {isa = PBXFileReference; fileEncoding = 4; lastKnownFileType = sourcecode.c.h; path = TaskViewController.h; sourceTree = "<group>"; };
		882B3E5F13EE3E350085C888 /* TaskViewController.m */ = {isa = PBXFileReference; fileEncoding = 4; lastKnownFileType = sourcecode.c.objc; path = TaskViewController.m; sourceTree = "<group>"; };
		882B3E8313EF46740085C888 /* ContextParser.h */ = {isa = PBXFileReference; fileEncoding = 4; lastKnownFileType = sourcecode.c.h; name = ContextParser.h; path = Classes/ContextParser.h; sourceTree = "<group>"; };
		882B3E8413EF46740085C888 /* ContextParser.m */ = {isa = PBXFileReference; fileEncoding = 4; lastKnownFileType = sourcecode.c.objc; name = ContextParser.m; path = Classes/ContextParser.m; sourceTree = "<group>"; };
		882B3E8613EF46E80085C888 /* TextSplitter.h */ = {isa = PBXFileReference; fileEncoding = 4; lastKnownFileType = sourcecode.c.h; name = TextSplitter.h; path = Classes/TextSplitter.h; sourceTree = "<group>"; };
		882B3E8713EF46E80085C888 /* TextSplitter.m */ = {isa = PBXFileReference; fileEncoding = 4; lastKnownFileType = sourcecode.c.objc; name = TextSplitter.m; path = Classes/TextSplitter.m; sourceTree = "<group>"; };
		882B3E8913EF47610085C888 /* PriorityTextSplitter.h */ = {isa = PBXFileReference; fileEncoding = 4; lastKnownFileType = sourcecode.c.h; name = PriorityTextSplitter.h; path = Classes/PriorityTextSplitter.h; sourceTree = "<group>"; };
		882B3E8A13EF47610085C888 /* PriorityTextSplitter.m */ = {isa = PBXFileReference; fileEncoding = 4; lastKnownFileType = sourcecode.c.objc; name = PriorityTextSplitter.m; path = Classes/PriorityTextSplitter.m; sourceTree = "<group>"; };
		882B3E8C13EF47B70085C888 /* ProjectParser.h */ = {isa = PBXFileReference; fileEncoding = 4; lastKnownFileType = sourcecode.c.h; name = ProjectParser.h; path = Classes/ProjectParser.h; sourceTree = "<group>"; };
		882B3E8D13EF47B70085C888 /* ProjectParser.m */ = {isa = PBXFileReference; fileEncoding = 4; lastKnownFileType = sourcecode.c.objc; name = ProjectParser.m; path = Classes/ProjectParser.m; sourceTree = "<group>"; };
		882B3E8F13EF47F40085C888 /* TaskEditViewController.xib */ = {isa = PBXFileReference; fileEncoding = 4; lastKnownFileType = file.xib; path = TaskEditViewController.xib; sourceTree = "<group>"; };
		8831984113EBB55800EC5BC3 /* TaskIo.h */ = {isa = PBXFileReference; fileEncoding = 4; lastKnownFileType = sourcecode.c.h; path = TaskIo.h; sourceTree = "<group>"; };
		8831984213EBB55800EC5BC3 /* TaskIo.m */ = {isa = PBXFileReference; fileEncoding = 4; lastKnownFileType = sourcecode.c.objc; path = TaskIo.m; sourceTree = "<group>"; };
		8831984513EBBD1200EC5BC3 /* DDFileReader.h */ = {isa = PBXFileReference; fileEncoding = 4; lastKnownFileType = sourcecode.c.h; path = DDFileReader.h; sourceTree = "<group>"; };
		8831984613EBBD1200EC5BC3 /* DDFileReader.m */ = {isa = PBXFileReference; fileEncoding = 4; lastKnownFileType = sourcecode.c.objc; path = DDFileReader.m; sourceTree = "<group>"; };
		8831984813EBC59E00EC5BC3 /* TaskBagFactory.h */ = {isa = PBXFileReference; fileEncoding = 4; lastKnownFileType = sourcecode.c.h; name = TaskBagFactory.h; path = Classes/TaskBagFactory.h; sourceTree = "<group>"; };
		8831984913EBC59E00EC5BC3 /* TaskBagFactory.m */ = {isa = PBXFileReference; fileEncoding = 4; lastKnownFileType = sourcecode.c.objc; name = TaskBagFactory.m; path = Classes/TaskBagFactory.m; sourceTree = "<group>"; };
		8831984B13EBC62C00EC5BC3 /* TaskBagImpl.h */ = {isa = PBXFileReference; fileEncoding = 4; lastKnownFileType = sourcecode.c.h; name = TaskBagImpl.h; path = Classes/TaskBagImpl.h; sourceTree = "<group>"; };
		8831984C13EBC62C00EC5BC3 /* TaskBagImpl.m */ = {isa = PBXFileReference; fileEncoding = 4; lastKnownFileType = sourcecode.c.objc; name = TaskBagImpl.m; path = Classes/TaskBagImpl.m; sourceTree = "<group>"; };
		883E42FC13EB7BDC002FEBCC /* TaskBag.h */ = {isa = PBXFileReference; fileEncoding = 4; lastKnownFileType = sourcecode.c.h; name = TaskBag.h; path = Classes/TaskBag.h; sourceTree = "<group>"; };
		883E42FE13EB7E66002FEBCC /* LocalTaskRepository.h */ = {isa = PBXFileReference; fileEncoding = 4; lastKnownFileType = sourcecode.c.h; name = LocalTaskRepository.h; path = Classes/LocalTaskRepository.h; sourceTree = "<group>"; };
		883E42FF13EB8395002FEBCC /* LocalFileTaskRepository.h */ = {isa = PBXFileReference; fileEncoding = 4; lastKnownFileType = sourcecode.c.h; name = LocalFileTaskRepository.h; path = Classes/LocalFileTaskRepository.h; sourceTree = "<group>"; };
		883E430013EB8395002FEBCC /* LocalFileTaskRepository.m */ = {isa = PBXFileReference; fileEncoding = 4; lastKnownFileType = sourcecode.c.objc; name = LocalFileTaskRepository.m; path = Classes/LocalFileTaskRepository.m; sourceTree = "<group>"; };
		8858D0B613EA89C50083FA44 /* Priority.h */ = {isa = PBXFileReference; fileEncoding = 4; lastKnownFileType = sourcecode.c.h; name = Priority.h; path = Classes/Priority.h; sourceTree = "<group>"; };
		8858D0B713EA89C50083FA44 /* Priority.m */ = {isa = PBXFileReference; fileEncoding = 4; lastKnownFileType = sourcecode.c.objc; name = Priority.m; path = Classes/Priority.m; sourceTree = "<group>"; };
		8858D0B813EA89C50083FA44 /* Task.h */ = {isa = PBXFileReference; fileEncoding = 4; lastKnownFileType = sourcecode.c.h; name = Task.h; path = Classes/Task.h; sourceTree = "<group>"; };
		8858D0B913EA89C50083FA44 /* Task.m */ = {isa = PBXFileReference; fileEncoding = 4; lastKnownFileType = sourcecode.c.objc; name = Task.m; path = Classes/Task.m; sourceTree = "<group>"; };
		888065931401898E0036DE2A /* RemoteClientManager.h */ = {isa = PBXFileReference; fileEncoding = 4; lastKnownFileType = sourcecode.c.h; path = RemoteClientManager.h; sourceTree = "<group>"; };
		888065941401898E0036DE2A /* RemoteClientManager.m */ = {isa = PBXFileReference; fileEncoding = 4; lastKnownFileType = sourcecode.c.objc; path = RemoteClientManager.m; sourceTree = "<group>"; };
		88806597140191A30036DE2A /* DropboxRemoteClient.h */ = {isa = PBXFileReference; fileEncoding = 4; lastKnownFileType = sourcecode.c.h; path = DropboxRemoteClient.h; sourceTree = "<group>"; };
		88806598140191A30036DE2A /* DropboxRemoteClient.m */ = {isa = PBXFileReference; fileEncoding = 4; lastKnownFileType = sourcecode.c.objc; path = DropboxRemoteClient.m; sourceTree = "<group>"; };
		888065AD14019D3C0036DE2A /* CFNetwork.framework */ = {isa = PBXFileReference; lastKnownFileType = wrapper.framework; name = CFNetwork.framework; path = System/Library/Frameworks/CFNetwork.framework; sourceTree = SDKROOT; };
		888065AF1401A3D10036DE2A /* Reachability.h */ = {isa = PBXFileReference; fileEncoding = 4; lastKnownFileType = sourcecode.c.h; path = Reachability.h; sourceTree = "<group>"; };
		888065B01401A3D10036DE2A /* Reachability.m */ = {isa = PBXFileReference; fileEncoding = 4; lastKnownFileType = sourcecode.c.objc; path = Reachability.m; sourceTree = "<group>"; };
		888065B51401A51C0036DE2A /* Network.h */ = {isa = PBXFileReference; fileEncoding = 4; lastKnownFileType = sourcecode.c.h; path = Network.h; sourceTree = "<group>"; };
		888065B61401A51C0036DE2A /* Network.m */ = {isa = PBXFileReference; fileEncoding = 4; lastKnownFileType = sourcecode.c.objc; path = Network.m; sourceTree = "<group>"; };
		888065B81401AF7D0036DE2A /* SystemConfiguration.framework */ = {isa = PBXFileReference; lastKnownFileType = wrapper.framework; name = SystemConfiguration.framework; path = System/Library/Frameworks/SystemConfiguration.framework; sourceTree = SDKROOT; };
		88866D2F13F794320073944B /* Sort.h */ = {isa = PBXFileReference; fileEncoding = 4; lastKnownFileType = sourcecode.c.h; name = Sort.h; path = Classes/Sort.h; sourceTree = "<group>"; };
		88866D3013F794320073944B /* Sort.m */ = {isa = PBXFileReference; fileEncoding = 4; lastKnownFileType = sourcecode.c.objc; name = Sort.m; path = Classes/Sort.m; sourceTree = "<group>"; };
		8887496B13F3715400871E49 /* ActionSheetPicker.h */ = {isa = PBXFileReference; fileEncoding = 4; lastKnownFileType = sourcecode.c.h; path = ActionSheetPicker.h; sourceTree = "<group>"; };
		8887496C13F3715400871E49 /* ActionSheetPicker.m */ = {isa = PBXFileReference; fileEncoding = 4; lastKnownFileType = sourcecode.c.objc; path = ActionSheetPicker.m; sourceTree = "<group>"; };
		88A91723146614920075B886 /* DropboxSDK.framework */ = {isa = PBXFileReference; lastKnownFileType = wrapper.framework; path = DropboxSDK.framework; sourceTree = "<group>"; };
		88A91726146643B70075B886 /* DropboxApiKey.h */ = {isa = PBXFileReference; fileEncoding = 4; lastKnownFileType = sourcecode.c.h; name = DropboxApiKey.h; path = ../DropboxApiKey.h; sourceTree = "<group>"; };
		88AAFC621419CB960062BBF6 /* Icon@2x.png */ = {isa = PBXFileReference; lastKnownFileType = image.png; path = "Icon@2x.png"; sourceTree = "<group>"; };
		88F1AB271412D5F000AB3D18 /* LoginScreenViewController.h */ = {isa = PBXFileReference; fileEncoding = 4; lastKnownFileType = sourcecode.c.h; path = LoginScreenViewController.h; sourceTree = "<group>"; };
		88F1AB281412D5F100AB3D18 /* LoginScreenViewController.m */ = {isa = PBXFileReference; fileEncoding = 4; lastKnownFileType = sourcecode.c.objc; path = LoginScreenViewController.m; sourceTree = "<group>"; };
		88F1AB291412D5F100AB3D18 /* LoginScreenViewController.xib */ = {isa = PBXFileReference; fileEncoding = 4; lastKnownFileType = file.xib; name = LoginScreenViewController.xib; path = Classes/LoginScreenViewController.xib; sourceTree = "<group>"; };
		88F1AB2D1412E20D00AB3D18 /* todotxt_touch_256.png */ = {isa = PBXFileReference; lastKnownFileType = image.png; path = todotxt_touch_256.png; sourceTree = "<group>"; };
		88F1AB371412EA1700AB3D18 /* Default.png */ = {isa = PBXFileReference; lastKnownFileType = image.png; path = Default.png; sourceTree = "<group>"; };
		88F1AB381412EA1700AB3D18 /* Default@2x.png */ = {isa = PBXFileReference; lastKnownFileType = image.png; path = "Default@2x.png"; sourceTree = "<group>"; };
		8D1107310486CEB800E47090 /* todo_txt_touch_ios-Info.plist */ = {isa = PBXFileReference; fileEncoding = 4; lastKnownFileType = text.plist.xml; path = "todo_txt_touch_ios-Info.plist"; plistStructureDefinitionIdentifier = "com.apple.xcode.plist.structure-definition.iphone.info-plist"; sourceTree = "<group>"; };
		DEA1880014579780007452B4 /* MBProgressHUD.m */ = {isa = PBXFileReference; fileEncoding = 4; lastKnownFileType = sourcecode.c.objc; path = MBProgressHUD.m; sourceTree = "<group>"; };
		DEA1880114579780007452B4 /* MBProgressHUD.h */ = {isa = PBXFileReference; fileEncoding = 4; lastKnownFileType = sourcecode.c.h; path = MBProgressHUD.h; sourceTree = "<group>"; };
		F4595BE41453DC48000FB9F6 /* NSMutableAttributedString+TodoTxt.h */ = {isa = PBXFileReference; fileEncoding = 4; lastKnownFileType = sourcecode.c.h; path = "NSMutableAttributedString+TodoTxt.h"; sourceTree = "<group>"; };
		F4595BE51453DC48000FB9F6 /* NSMutableAttributedString+TodoTxt.m */ = {isa = PBXFileReference; fileEncoding = 4; lastKnownFileType = sourcecode.c.objc; path = "NSMutableAttributedString+TodoTxt.m"; sourceTree = "<group>"; };
		F45C4F8B1453624D00E92C6D /* AttributedLabel.h */ = {isa = PBXFileReference; fileEncoding = 4; lastKnownFileType = sourcecode.c.h; path = AttributedLabel.h; sourceTree = "<group>"; };
		F45C4F8C1453624D00E92C6D /* AttributedLabel.m */ = {isa = PBXFileReference; fileEncoding = 4; lastKnownFileType = sourcecode.c.objc; path = AttributedLabel.m; sourceTree = "<group>"; };
		F45C4F8F145363F300E92C6D /* CoreText.framework */ = {isa = PBXFileReference; lastKnownFileType = wrapper.framework; name = CoreText.framework; path = System/Library/Frameworks/CoreText.framework; sourceTree = SDKROOT; };
		F4F5795514478D8400309ECA /* FlexiTaskCell.h */ = {isa = PBXFileReference; fileEncoding = 4; lastKnownFileType = sourcecode.c.h; path = FlexiTaskCell.h; sourceTree = "<group>"; };
		F4F5795614478D8400309ECA /* FlexiTaskCell.m */ = {isa = PBXFileReference; fileEncoding = 4; lastKnownFileType = sourcecode.c.objc; path = FlexiTaskCell.m; sourceTree = "<group>"; };
/* End PBXFileReference section */

/* Begin PBXFrameworksBuildPhase section */
		1D60588F0D05DD3D006BFB54 /* Frameworks */ = {
			isa = PBXFrameworksBuildPhase;
			buildActionMask = 2147483647;
			files = (
				F45C4F90145363F300E92C6D /* CoreText.framework in Frameworks */,
				5910DBD114216A2300BB2D68 /* MessageUI.framework in Frameworks */,
				888065B91401AF7D0036DE2A /* SystemConfiguration.framework in Frameworks */,
				888065AE14019D3C0036DE2A /* CFNetwork.framework in Frameworks */,
				1D60589F0D05DD5A006BFB54 /* Foundation.framework in Frameworks */,
				1DF5F4E00D08C38300B7A737 /* UIKit.framework in Frameworks */,
				288765A50DF7441C002DB57D /* CoreGraphics.framework in Frameworks */,
				7D5705D212F8A07E00BB5E8D /* Security.framework in Frameworks */,
				7DC696171441442D00C2CB70 /* libTestFlight.a in Frameworks */,
				88A91724146614920075B886 /* DropboxSDK.framework in Frameworks */,
			);
			runOnlyForDeploymentPostprocessing = 0;
		};
/* End PBXFrameworksBuildPhase section */

/* Begin PBXGroup section */
		080E96DDFE201D6D7F000001 /* Classes */ = {
			isa = PBXGroup;
			children = (
				881CA83F1400825200AEAD20 /* Remote */,
				59216D3B13EA316100FF07EE /* Util */,
				59216B7613E64EA800FF07EE /* Task */,
				F4F5795514478D8400309ECA /* FlexiTaskCell.h */,
				F4F5795614478D8400309ECA /* FlexiTaskCell.m */,
				1D3623240D0F684500981E51 /* todo_txt_touch_iosAppDelegate.h */,
				1D3623250D0F684500981E51 /* todo_txt_touch_iosAppDelegate.m */,
				28D7ACF60DDB3853001CB0EB /* todo_txt_touch_iosViewController.h */,
				28D7ACF70DDB3853001CB0EB /* todo_txt_touch_iosViewController.m */,
				59216BFC13E7804700FF07EE /* TaskEditViewController.h */,
				59216BFD13E7804700FF07EE /* TaskEditViewController.m */,
				882B3E5E13EE3E340085C888 /* TaskViewController.h */,
				882B3E5F13EE3E350085C888 /* TaskViewController.m */,
				88F1AB271412D5F000AB3D18 /* LoginScreenViewController.h */,
				88F1AB281412D5F100AB3D18 /* LoginScreenViewController.m */,
				7DD54F3F1443CD5400C130DC /* iPadLoginScreenViewController.h */,
				7DD54F401443CD5400C130DC /* iPadLoginScreenViewController.m */,
				F45C4F8B1453624D00E92C6D /* AttributedLabel.h */,
				F45C4F8C1453624D00E92C6D /* AttributedLabel.m */,
			);
			path = Classes;
			sourceTree = "<group>";
		};
		19C28FACFE9D520D11CA2CBB /* Products */ = {
			isa = PBXGroup;
			children = (
				1D6058910D05DD3D006BFB54 /* Todo.txt Touch.app */,
			);
			name = Products;
			sourceTree = "<group>";
		};
		29B97314FDCFA39411CA2CEA /* CustomTemplate */ = {
			isa = PBXGroup;
			children = (
				33CF5E09144410B90050F60D /* Entitlements.entitlements */,
				7DD54F3D1443CD1C00C130DC /* Default-Portrait~ipad.png */,
				7DC696151441442D00C2CB70 /* libTestFlight.a */,
				7DC696161441442D00C2CB70 /* TestFlight.h */,
				5910DBD61424014800BB2D68 /* InAppSettings.bundle */,
				5910DB9214215A4600BB2D68 /* InAppSettingsKit */,
				080E96DDFE201D6D7F000001 /* Classes */,
				29B97315FDCFA39411CA2CEA /* Other Sources */,
				29B97317FDCFA39411CA2CEA /* Resources */,
				7DD54F3A1443CCA900C130DC /* iPad */,
				29B97323FDCFA39411CA2CEA /* Frameworks */,
				19C28FACFE9D520D11CA2CBB /* Products */,
			);
			name = CustomTemplate;
			sourceTree = "<group>";
		};
		29B97315FDCFA39411CA2CEA /* Other Sources */ = {
			isa = PBXGroup;
			children = (
				32CA4F630368D1EE00C91783 /* todo_txt_touch_ios_Prefix.pch */,
				29B97316FDCFA39411CA2CEA /* main.m */,
			);
			name = "Other Sources";
			sourceTree = "<group>";
		};
		29B97317FDCFA39411CA2CEA /* Resources */ = {
			isa = PBXGroup;
			children = (
				5910DBDA1424078D00BB2D68 /* 19-gear@2x.png */,
				5910DBD8142406BD00BB2D68 /* 19-gear.png */,
				88AAFC621419CB960062BBF6 /* Icon@2x.png */,
				88F1AB371412EA1700AB3D18 /* Default.png */,
				88F1AB381412EA1700AB3D18 /* Default@2x.png */,
				88F1AB2D1412E20D00AB3D18 /* todotxt_touch_256.png */,
				7D57054312F89F1900BB5E8D /* Icon-72.png */,
				7D57054412F89F1900BB5E8D /* Icon-Small-50.png */,
				7D57054512F89F1900BB5E8D /* Icon-Small.png */,
				7D57054612F89F1900BB5E8D /* Icon.png */,
				8817330713F0F23D00B6B9F9 /* TaskTableCell.xib */,
				8826123713F24A7800B21E91 /* TaskDetailCell.xib */,
				882B3E8F13EF47F40085C888 /* TaskEditViewController.xib */,
				7DD54F411443CD5400C130DC /* iPadLoginScreenViewController.xib */,
				88F1AB291412D5F100AB3D18 /* LoginScreenViewController.xib */,
				2899E5210DE3E06400AC0155 /* todo_txt_touch_iosViewController.xib */,
				28AD733E0D9D9553002E5188 /* MainWindow.xib */,
				8D1107310486CEB800E47090 /* todo_txt_touch_ios-Info.plist */,
				881CA83413FCCC9800AEAD20 /* TaskEditAccessoryView.xib */,
			);
			name = Resources;
			sourceTree = "<group>";
		};
		29B97323FDCFA39411CA2CEA /* Frameworks */ = {
			isa = PBXGroup;
			children = (
				88A91723146614920075B886 /* DropboxSDK.framework */,
				F45C4F8F145363F300E92C6D /* CoreText.framework */,
				5910DBD014216A2300BB2D68 /* MessageUI.framework */,
				888065B81401AF7D0036DE2A /* SystemConfiguration.framework */,
				888065AD14019D3C0036DE2A /* CFNetwork.framework */,
				1DF5F4DF0D08C38300B7A737 /* UIKit.framework */,
				1D30AB110D05D00D00671497 /* Foundation.framework */,
				288765A40DF7441C002DB57D /* CoreGraphics.framework */,
				7D5705D112F8A07E00BB5E8D /* Security.framework */,
			);
			name = Frameworks;
			sourceTree = "<group>";
		};
		5910DB9214215A4600BB2D68 /* InAppSettingsKit */ = {
			isa = PBXGroup;
			children = (
				5910DB9314215A4600BB2D68 /* Controllers */,
				5910DB9A14215A4600BB2D68 /* Models */,
				5910DBA514215A4600BB2D68 /* Views */,
				5910DBB414215A4600BB2D68 /* Xibs */,
			);
			path = InAppSettingsKit;
			sourceTree = "<group>";
		};
		5910DB9314215A4600BB2D68 /* Controllers */ = {
			isa = PBXGroup;
			children = (
				5910DB9414215A4600BB2D68 /* IASKAppSettingsViewController.h */,
				5910DB9514215A4600BB2D68 /* IASKAppSettingsViewController.m */,
				5910DB9614215A4600BB2D68 /* IASKAppSettingsWebViewController.h */,
				5910DB9714215A4600BB2D68 /* IASKAppSettingsWebViewController.m */,
				5910DB9814215A4600BB2D68 /* IASKSpecifierValuesViewController.h */,
				5910DB9914215A4600BB2D68 /* IASKSpecifierValuesViewController.m */,
			);
			path = Controllers;
			sourceTree = "<group>";
		};
		5910DB9A14215A4600BB2D68 /* Models */ = {
			isa = PBXGroup;
			children = (
				5910DB9B14215A4600BB2D68 /* IASKSettingsReader.h */,
				5910DB9C14215A4600BB2D68 /* IASKSettingsReader.m */,
				5910DB9D14215A4600BB2D68 /* IASKSettingsStore.h */,
				5910DB9E14215A4600BB2D68 /* IASKSettingsStore.m */,
				5910DB9F14215A4600BB2D68 /* IASKSettingsStoreFile.h */,
				5910DBA014215A4600BB2D68 /* IASKSettingsStoreFile.m */,
				5910DBA114215A4600BB2D68 /* IASKSettingsStoreUserDefaults.h */,
				5910DBA214215A4600BB2D68 /* IASKSettingsStoreUserDefaults.m */,
				5910DBA314215A4600BB2D68 /* IASKSpecifier.h */,
				5910DBA414215A4600BB2D68 /* IASKSpecifier.m */,
			);
			path = Models;
			sourceTree = "<group>";
		};
		5910DBA514215A4600BB2D68 /* Views */ = {
			isa = PBXGroup;
			children = (
				5910DBA614215A4600BB2D68 /* IASKPSSliderSpecifierViewCell.h */,
				5910DBA714215A4600BB2D68 /* IASKPSSliderSpecifierViewCell.m */,
				5910DBA814215A4600BB2D68 /* IASKPSTextFieldSpecifierViewCell.h */,
				5910DBA914215A4600BB2D68 /* IASKPSTextFieldSpecifierViewCell.m */,
				5910DBAA14215A4600BB2D68 /* IASKPSTitleValueSpecifierViewCell.h */,
				5910DBAB14215A4600BB2D68 /* IASKPSTitleValueSpecifierViewCell.m */,
				5910DBAC14215A4600BB2D68 /* IASKPSToggleSwitchSpecifierViewCell.h */,
				5910DBAD14215A4600BB2D68 /* IASKPSToggleSwitchSpecifierViewCell.m */,
				5910DBAE14215A4600BB2D68 /* IASKSlider.h */,
				5910DBAF14215A4600BB2D68 /* IASKSlider.m */,
				5910DBB014215A4600BB2D68 /* IASKSwitch.h */,
				5910DBB114215A4600BB2D68 /* IASKSwitch.m */,
				5910DBB214215A4600BB2D68 /* IASKTextField.h */,
				5910DBB314215A4600BB2D68 /* IASKTextField.m */,
			);
			path = Views;
			sourceTree = "<group>";
		};
		5910DBB414215A4600BB2D68 /* Xibs */ = {
			isa = PBXGroup;
			children = (
				5910DBB514215A4600BB2D68 /* IASKAppSettingsView.xib */,
				5910DBB614215A4600BB2D68 /* IASKAppSettingsWebView.xib */,
				5910DBB714215A4600BB2D68 /* IASKPSSliderSpecifierViewCell.xib */,
				5910DBB814215A4600BB2D68 /* IASKPSTextFieldSpecifierViewCell.xib */,
				5910DBB914215A4600BB2D68 /* IASKPSToggleSwitchSpecifierViewCell.xib */,
				5910DBBA14215A4600BB2D68 /* IASKSpecifierValuesView.xib */,
			);
			path = Xibs;
			sourceTree = "<group>";
		};
		59216B7613E64EA800FF07EE /* Task */ = {
			isa = PBXGroup;
			children = (
				882B3E8313EF46740085C888 /* ContextParser.h */,
				882B3E8413EF46740085C888 /* ContextParser.m */,
				883E42FF13EB8395002FEBCC /* LocalFileTaskRepository.h */,
				883E430013EB8395002FEBCC /* LocalFileTaskRepository.m */,
				883E42FE13EB7E66002FEBCC /* LocalTaskRepository.h */,
				8858D0B613EA89C50083FA44 /* Priority.h */,
				8858D0B713EA89C50083FA44 /* Priority.m */,
				882B3E8913EF47610085C888 /* PriorityTextSplitter.h */,
				882B3E8A13EF47610085C888 /* PriorityTextSplitter.m */,
				882B3E8C13EF47B70085C888 /* ProjectParser.h */,
				882B3E8D13EF47B70085C888 /* ProjectParser.m */,
				8858D0B813EA89C50083FA44 /* Task.h */,
				8858D0B913EA89C50083FA44 /* Task.m */,
				883E42FC13EB7BDC002FEBCC /* TaskBag.h */,
				8831984813EBC59E00EC5BC3 /* TaskBagFactory.h */,
				8831984913EBC59E00EC5BC3 /* TaskBagFactory.m */,
				8831984B13EBC62C00EC5BC3 /* TaskBagImpl.h */,
				8831984C13EBC62C00EC5BC3 /* TaskBagImpl.m */,
				882B3E8613EF46E80085C888 /* TextSplitter.h */,
				882B3E8713EF46E80085C888 /* TextSplitter.m */,
				88866D2F13F794320073944B /* Sort.h */,
				88866D3013F794320073944B /* Sort.m */,
			);
			name = Task;
			path = ..;
			sourceTree = "<group>";
		};
		59216D3B13EA316100FF07EE /* Util */ = {
			isa = PBXGroup;
			children = (
				888065AF1401A3D10036DE2A /* Reachability.h */,
				888065B01401A3D10036DE2A /* Reachability.m */,
				8887496B13F3715400871E49 /* ActionSheetPicker.h */,
				8887496C13F3715400871E49 /* ActionSheetPicker.m */,
				882B3E5313ECCB240085C888 /* AsyncTask.h */,
				882B3E5413ECCB240085C888 /* AsyncTask.m */,
				DEA1880014579780007452B4 /* MBProgressHUD.m */,
				DEA1880114579780007452B4 /* MBProgressHUD.h */,
				8831984513EBBD1200EC5BC3 /* DDFileReader.h */,
				8831984613EBBD1200EC5BC3 /* DDFileReader.m */,
				59216D3C13EA318100FF07EE /* RelativeDate.h */,
				59216D3D13EA318100FF07EE /* RelativeDate.m */,
				8831984113EBB55800EC5BC3 /* TaskIo.h */,
				8831984213EBB55800EC5BC3 /* TaskIo.m */,
				59216C7313E8C89200FF07EE /* Util.h */,
				59216C7413E8C89200FF07EE /* Util.m */,
				8817330A13F10A9800B6B9F9 /* Color.h */,
				8817330B13F10A9800B6B9F9 /* Color.m */,
				888065B51401A51C0036DE2A /* Network.h */,
				888065B61401A51C0036DE2A /* Network.m */,
				F4595BE41453DC48000FB9F6 /* NSMutableAttributedString+TodoTxt.h */,
				F4595BE51453DC48000FB9F6 /* NSMutableAttributedString+TodoTxt.m */,
			);
			name = Util;
			sourceTree = "<group>";
		};
		7DD54F3A1443CCA900C130DC /* iPad */ = {
			isa = PBXGroup;
			children = (
				7DD54F3B1443CCAC00C130DC /* MainWindow-iPad.xib */,
			);
			name = iPad;
			sourceTree = "<group>";
		};
		881CA83F1400825200AEAD20 /* Remote */ = {
			isa = PBXGroup;
			children = (
				881CA8401400834700AEAD20 /* RemoteClient.h */,
				88A91726146643B70075B886 /* DropboxApiKey.h */,
				88806597140191A30036DE2A /* DropboxRemoteClient.h */,
				88806598140191A30036DE2A /* DropboxRemoteClient.m */,
				888065931401898E0036DE2A /* RemoteClientManager.h */,
				888065941401898E0036DE2A /* RemoteClientManager.m */,
			);
			name = Remote;
			sourceTree = "<group>";
		};
/* End PBXGroup section */

/* Begin PBXNativeTarget section */
		1D6058900D05DD3D006BFB54 /* Todo.txt Touch */ = {
			isa = PBXNativeTarget;
			buildConfigurationList = 1D6058960D05DD3E006BFB54 /* Build configuration list for PBXNativeTarget "Todo.txt Touch" */;
			buildPhases = (
				1D60588D0D05DD3D006BFB54 /* Resources */,
				1D60588E0D05DD3D006BFB54 /* Sources */,
				1D60588F0D05DD3D006BFB54 /* Frameworks */,
			);
			buildRules = (
			);
			dependencies = (
			);
			name = "Todo.txt Touch";
			productName = "todo.txt-touch-ios";
			productReference = 1D6058910D05DD3D006BFB54 /* Todo.txt Touch.app */;
			productType = "com.apple.product-type.application";
		};
/* End PBXNativeTarget section */

/* Begin PBXProject section */
		29B97313FDCFA39411CA2CEA /* Project object */ = {
			isa = PBXProject;
			attributes = {
				LastUpgradeCheck = 0420;
			};
			buildConfigurationList = C01FCF4E08A954540054247B /* Build configuration list for PBXProject "todo.txt-touch-ios" */;
			compatibilityVersion = "Xcode 3.2";
			developmentRegion = English;
			hasScannedForEncodings = 1;
			knownRegions = (
				English,
				Japanese,
				French,
				German,
			);
			mainGroup = 29B97314FDCFA39411CA2CEA /* CustomTemplate */;
			projectDirPath = "";
			projectRoot = "";
			targets = (
				1D6058900D05DD3D006BFB54 /* Todo.txt Touch */,
			);
		};
/* End PBXProject section */

/* Begin PBXResourcesBuildPhase section */
		1D60588D0D05DD3D006BFB54 /* Resources */ = {
			isa = PBXResourcesBuildPhase;
			buildActionMask = 2147483647;
			files = (
				28AD733F0D9D9553002E5188 /* MainWindow.xib in Resources */,
				2899E5220DE3E06400AC0155 /* todo_txt_touch_iosViewController.xib in Resources */,
				7D57054712F89F1900BB5E8D /* Icon-72.png in Resources */,
				7D57054812F89F1900BB5E8D /* Icon-Small-50.png in Resources */,
				7D57054912F89F1900BB5E8D /* Icon-Small.png in Resources */,
				7D57054A12F89F1900BB5E8D /* Icon.png in Resources */,
				882B3E9013EF47F40085C888 /* TaskEditViewController.xib in Resources */,
				8817330813F0F23D00B6B9F9 /* TaskTableCell.xib in Resources */,
				8826123813F24A7800B21E91 /* TaskDetailCell.xib in Resources */,
				881CA83513FCCC9800AEAD20 /* TaskEditAccessoryView.xib in Resources */,
				88F1AB2B1412D5F100AB3D18 /* LoginScreenViewController.xib in Resources */,
				88F1AB2E1412E20D00AB3D18 /* todotxt_touch_256.png in Resources */,
				88F1AB391412EA1700AB3D18 /* Default.png in Resources */,
				88F1AB3A1412EA1700AB3D18 /* Default@2x.png in Resources */,
				88AAFC631419CB960062BBF6 /* Icon@2x.png in Resources */,
				5910DBCA14215A4700BB2D68 /* IASKAppSettingsView.xib in Resources */,
				5910DBCB14215A4700BB2D68 /* IASKAppSettingsWebView.xib in Resources */,
				5910DBCC14215A4700BB2D68 /* IASKPSSliderSpecifierViewCell.xib in Resources */,
				5910DBCD14215A4700BB2D68 /* IASKPSTextFieldSpecifierViewCell.xib in Resources */,
				5910DBCE14215A4700BB2D68 /* IASKPSToggleSwitchSpecifierViewCell.xib in Resources */,
				5910DBCF14215A4700BB2D68 /* IASKSpecifierValuesView.xib in Resources */,
				5910DBD71424014800BB2D68 /* InAppSettings.bundle in Resources */,
				5910DBD9142406BD00BB2D68 /* 19-gear.png in Resources */,
				5910DBDB1424078D00BB2D68 /* 19-gear@2x.png in Resources */,
				7DD54F3C1443CCAC00C130DC /* MainWindow-iPad.xib in Resources */,
				7DD54F3E1443CD1C00C130DC /* Default-Portrait~ipad.png in Resources */,
				7DD54F431443CD5400C130DC /* iPadLoginScreenViewController.xib in Resources */,
				33CF5E0A144410B90050F60D /* Entitlements.entitlements in Resources */,
			);
			runOnlyForDeploymentPostprocessing = 0;
		};
/* End PBXResourcesBuildPhase section */

/* Begin PBXSourcesBuildPhase section */
		1D60588E0D05DD3D006BFB54 /* Sources */ = {
			isa = PBXSourcesBuildPhase;
			buildActionMask = 2147483647;
			files = (
				1D60589B0D05DD56006BFB54 /* main.m in Sources */,
				1D3623260D0F684500981E51 /* todo_txt_touch_iosAppDelegate.m in Sources */,
				28D7ACF80DDB3853001CB0EB /* todo_txt_touch_iosViewController.m in Sources */,
				59216BFF13E7804700FF07EE /* TaskEditViewController.m in Sources */,
				59216C7513E8C89200FF07EE /* Util.m in Sources */,
				59216D3E13EA318100FF07EE /* RelativeDate.m in Sources */,
				8858D0BA13EA89C50083FA44 /* Priority.m in Sources */,
				8858D0BB13EA89C50083FA44 /* Task.m in Sources */,
				883E430113EB8395002FEBCC /* LocalFileTaskRepository.m in Sources */,
				8831984313EBB55800EC5BC3 /* TaskIo.m in Sources */,
				8831984713EBBD1200EC5BC3 /* DDFileReader.m in Sources */,
				8831984A13EBC59E00EC5BC3 /* TaskBagFactory.m in Sources */,
				8831984D13EBC62D00EC5BC3 /* TaskBagImpl.m in Sources */,
				882B3E5513ECCB240085C888 /* AsyncTask.m in Sources */,
				882B3E6113EE3E360085C888 /* TaskViewController.m in Sources */,
				882B3E8513EF46750085C888 /* ContextParser.m in Sources */,
				882B3E8813EF46E90085C888 /* TextSplitter.m in Sources */,
				882B3E8B13EF47620085C888 /* PriorityTextSplitter.m in Sources */,
				882B3E8E13EF47B80085C888 /* ProjectParser.m in Sources */,
				8817330C13F10A9800B6B9F9 /* Color.m in Sources */,
				8887496D13F3715400871E49 /* ActionSheetPicker.m in Sources */,
				88866D3113F794320073944B /* Sort.m in Sources */,
				888065951401898E0036DE2A /* RemoteClientManager.m in Sources */,
				88806599140191A30036DE2A /* DropboxRemoteClient.m in Sources */,
				888065B11401A3D10036DE2A /* Reachability.m in Sources */,
				888065B71401A51C0036DE2A /* Network.m in Sources */,
				88F1AB2A1412D5F100AB3D18 /* LoginScreenViewController.m in Sources */,
				5910DBBB14215A4700BB2D68 /* IASKAppSettingsViewController.m in Sources */,
				5910DBBC14215A4700BB2D68 /* IASKAppSettingsWebViewController.m in Sources */,
				5910DBBD14215A4700BB2D68 /* IASKSpecifierValuesViewController.m in Sources */,
				5910DBBE14215A4700BB2D68 /* IASKSettingsReader.m in Sources */,
				5910DBBF14215A4700BB2D68 /* IASKSettingsStore.m in Sources */,
				5910DBC014215A4700BB2D68 /* IASKSettingsStoreFile.m in Sources */,
				5910DBC114215A4700BB2D68 /* IASKSettingsStoreUserDefaults.m in Sources */,
				5910DBC214215A4700BB2D68 /* IASKSpecifier.m in Sources */,
				5910DBC314215A4700BB2D68 /* IASKPSSliderSpecifierViewCell.m in Sources */,
				5910DBC414215A4700BB2D68 /* IASKPSTextFieldSpecifierViewCell.m in Sources */,
				5910DBC514215A4700BB2D68 /* IASKPSTitleValueSpecifierViewCell.m in Sources */,
				5910DBC614215A4700BB2D68 /* IASKPSToggleSwitchSpecifierViewCell.m in Sources */,
				5910DBC714215A4700BB2D68 /* IASKSlider.m in Sources */,
				5910DBC814215A4700BB2D68 /* IASKSwitch.m in Sources */,
				5910DBC914215A4700BB2D68 /* IASKTextField.m in Sources */,
				7DD54F421443CD5400C130DC /* iPadLoginScreenViewController.m in Sources */,
				F4F5795714478D8400309ECA /* FlexiTaskCell.m in Sources */,
				F45C4F8D1453624D00E92C6D /* AttributedLabel.m in Sources */,
				F4595BE61453DC48000FB9F6 /* NSMutableAttributedString+TodoTxt.m in Sources */,
				DEA1880214579780007452B4 /* MBProgressHUD.m in Sources */,
			);
			runOnlyForDeploymentPostprocessing = 0;
		};
/* End PBXSourcesBuildPhase section */

/* Begin XCBuildConfiguration section */
		1D6058940D05DD3E006BFB54 /* Debug */ = {
			isa = XCBuildConfiguration;
			buildSettings = {
				ALWAYS_SEARCH_USER_PATHS = NO;
				ARCHS = (
					armv6,
					armv7,
				);
				COPY_PHASE_STRIP = NO;
				FRAMEWORK_SEARCH_PATHS = (
					"$(inherited)",
					"\"$(SRCROOT)\"",
				);
				GCC_DYNAMIC_NO_PIC = NO;
				GCC_OPTIMIZATION_LEVEL = 0;
				GCC_PRECOMPILE_PREFIX_HEADER = YES;
				GCC_PREFIX_HEADER = todo_txt_touch_ios_Prefix.pch;
				GCC_VERSION = com.apple.compilers.llvm.clang.1_0;
				INFOPLIST_FILE = "todo_txt_touch_ios-Info.plist";
				IPHONEOS_DEPLOYMENT_TARGET = 4.2;
				INFOPLIST_PREFIX_HEADER = DropboxApiKey.h;
				INFOPLIST_PREPROCESS = YES;
				LIBRARY_SEARCH_PATHS = (
					"$(inherited)",
					"\"$(SRCROOT)\"",
				);
				PRODUCT_NAME = "Todo.txt Touch";
				SDKROOT = iphoneos;
				TARGETED_DEVICE_FAMILY = "1,2";
			};
			name = Debug;
		};
		1D6058950D05DD3E006BFB54 /* Release */ = {
			isa = XCBuildConfiguration;
			buildSettings = {
				ALWAYS_SEARCH_USER_PATHS = NO;
				ARCHS = (
					armv6,
					armv7,
				);
				COPY_PHASE_STRIP = YES;
				FRAMEWORK_SEARCH_PATHS = (
					"$(inherited)",
					"\"$(SRCROOT)\"",
				);
				GCC_PRECOMPILE_PREFIX_HEADER = YES;
				GCC_PREFIX_HEADER = todo_txt_touch_ios_Prefix.pch;
				GCC_VERSION = com.apple.compilers.llvm.clang.1_0;
				INFOPLIST_FILE = "todo_txt_touch_ios-Info.plist";
				IPHONEOS_DEPLOYMENT_TARGET = 4.2;
				INFOPLIST_PREFIX_HEADER = DropboxApiKey.h;
				INFOPLIST_PREPROCESS = YES;
				LIBRARY_SEARCH_PATHS = (
					"$(inherited)",
					"\"$(SRCROOT)\"",
				);
				PRODUCT_NAME = "Todo.txt Touch";
				SDKROOT = iphoneos;
				TARGETED_DEVICE_FAMILY = "1,2";
				VALIDATE_PRODUCT = YES;
			};
			name = Release;
		};
		331AF76414420EAD00EF329E /* Ad Hoc */ = {
			isa = XCBuildConfiguration;
			buildSettings = {
				ARCHS = "$(ARCHS_STANDARD_32_BIT)";
				CODE_SIGN_ENTITLEMENTS = Entitlements.entitlements;
				CODE_SIGN_IDENTITY = "iPhone Distribution";
				"CODE_SIGN_IDENTITY[sdk=iphoneos*]" = "";
				GCC_C_LANGUAGE_STANDARD = c99;
				GCC_WARN_ABOUT_RETURN_TYPE = YES;
				GCC_WARN_UNUSED_VARIABLE = YES;
				IPHONEOS_DEPLOYMENT_TARGET = 4.3;
				OTHER_CFLAGS = "-DNS_BLOCK_ASSERTIONS=1";
				PRODUCT_NAME = Todo.txt;
				PROVISIONING_PROFILE = "";
				SDKROOT = iphoneos;
			};
			name = "Ad Hoc";
		};
		331AF76514420EAD00EF329E /* Ad Hoc */ = {
			isa = XCBuildConfiguration;
			buildSettings = {
				ALWAYS_SEARCH_USER_PATHS = NO;
				ARCHS = (
					armv6,
					armv7,
				);
				CODE_SIGN_ENTITLEMENTS = Entitlements.entitlements;
				CODE_SIGN_IDENTITY = "";
				"CODE_SIGN_IDENTITY[sdk=iphoneos*]" = "iPhone Distribution";
				COPY_PHASE_STRIP = YES;
				FRAMEWORK_SEARCH_PATHS = (
					"$(inherited)",
					"\"$(SRCROOT)\"",
				);
				GCC_PRECOMPILE_PREFIX_HEADER = YES;
				GCC_PREFIX_HEADER = todo_txt_touch_ios_Prefix.pch;
				GCC_VERSION = com.apple.compilers.llvm.clang.1_0;
				INFOPLIST_FILE = "todo_txt_touch_ios-Info.plist";
				IPHONEOS_DEPLOYMENT_TARGET = 4.2;
				INFOPLIST_PREFIX_HEADER = DropboxApiKey.h;
				INFOPLIST_PREPROCESS = YES;
				LIBRARY_SEARCH_PATHS = (
					"$(inherited)",
					"\"$(SRCROOT)\"",
				);
				PRODUCT_NAME = "Todo.txt Touch";
				"PROVISIONING_PROFILE[sdk=iphoneos*]" = "";
				SDKROOT = iphoneos;
				TARGETED_DEVICE_FAMILY = "1,2";
				VALIDATE_PRODUCT = YES;
			};
			name = "Ad Hoc";
		};
		C01FCF4F08A954540054247B /* Debug */ = {
			isa = XCBuildConfiguration;
			buildSettings = {
				ARCHS = "$(ARCHS_STANDARD_32_BIT)";
				CODE_SIGN_ENTITLEMENTS = "";
				CODE_SIGN_IDENTITY = "iPhone Developer";
				"CODE_SIGN_IDENTITY[sdk=iphoneos*]" = "iPhone Developer";
				GCC_C_LANGUAGE_STANDARD = c99;
				GCC_WARN_ABOUT_RETURN_TYPE = YES;
				GCC_WARN_UNUSED_VARIABLE = YES;
				IPHONEOS_DEPLOYMENT_TARGET = 4.3;
				PRODUCT_NAME = Todo.txt;
				PROVISIONING_PROFILE = "";
				"PROVISIONING_PROFILE[sdk=iphoneos*]" = "";
				SDKROOT = iphoneos;
			};
			name = Debug;
		};
		C01FCF5008A954540054247B /* Release */ = {
			isa = XCBuildConfiguration;
			buildSettings = {
				ARCHS = "$(ARCHS_STANDARD_32_BIT)";
				CODE_SIGN_ENTITLEMENTS = "";
				CODE_SIGN_IDENTITY = "iPhone Distribution";
				"CODE_SIGN_IDENTITY[sdk=iphoneos*]" = "";
				GCC_C_LANGUAGE_STANDARD = c99;
				GCC_WARN_ABOUT_RETURN_TYPE = YES;
				GCC_WARN_UNUSED_VARIABLE = YES;
				IPHONEOS_DEPLOYMENT_TARGET = 4.3;
				OTHER_CFLAGS = "-DNS_BLOCK_ASSERTIONS=1";
				PRODUCT_NAME = Todo.txt;
				PROVISIONING_PROFILE = "";
				SDKROOT = iphoneos;
			};
			name = Release;
		};
/* End XCBuildConfiguration section */

/* Begin XCConfigurationList section */
		1D6058960D05DD3E006BFB54 /* Build configuration list for PBXNativeTarget "Todo.txt Touch" */ = {
			isa = XCConfigurationList;
			buildConfigurations = (
				1D6058940D05DD3E006BFB54 /* Debug */,
				1D6058950D05DD3E006BFB54 /* Release */,
				331AF76514420EAD00EF329E /* Ad Hoc */,
			);
			defaultConfigurationIsVisible = 0;
			defaultConfigurationName = Release;
		};
		C01FCF4E08A954540054247B /* Build configuration list for PBXProject "todo.txt-touch-ios" */ = {
			isa = XCConfigurationList;
			buildConfigurations = (
				C01FCF4F08A954540054247B /* Debug */,
				C01FCF5008A954540054247B /* Release */,
				331AF76414420EAD00EF329E /* Ad Hoc */,
			);
			defaultConfigurationIsVisible = 0;
			defaultConfigurationName = Release;
		};
/* End XCConfigurationList section */
	};
	rootObject = 29B97313FDCFA39411CA2CEA /* Project object */;
}
